<?xml version="1.0" encoding="utf-8"?>
<Project ToolsVersion="4.0" xmlns="http://schemas.microsoft.com/developer/msbuild/2003">
  <ItemGroup>
    <Filter Include="リソース ファイル">
      <UniqueIdentifier>{67DA6AB6-F800-4c08-8B7A-83BB121AAD01}</UniqueIdentifier>
      <Extensions>rc;ico;cur;bmp;dlg;rc2;rct;bin;rgs;gif;jpg;jpeg;jpe;resx;tiff;tif;png;wav;mfcribbon-ms</Extensions>
    </Filter>
    <Filter Include="imgui">
      <UniqueIdentifier>{95468b4a-9b6a-4eaf-b318-2dba7cf9183f}</UniqueIdentifier>
    </Filter>
    <Filter Include="Game">
      <UniqueIdentifier>{4FC737F1-C7A5-4376-A066-2A32D752A2FF}</UniqueIdentifier>
      <Extensions>cpp;c;cc;cxx;c++;cppm;ixx;def;odl;idl;hpj;bat;asm;asmx</Extensions>
    </Filter>
    <Filter Include="Game\Scene">
      <UniqueIdentifier>{7f4b21bf-9b51-4aed-ad4a-277604e462f1}</UniqueIdentifier>
    </Filter>
    <Filter Include="Game\GameObject">
      <UniqueIdentifier>{6d8489ad-93ba-4ba3-85ba-63af9c3a6030}</UniqueIdentifier>
    </Filter>
    <Filter Include="Engine">
      <UniqueIdentifier>{7b8f8733-29c9-40a2-9135-367d6c0397be}</UniqueIdentifier>
    </Filter>
    <Filter Include="Engine\Core">
      <UniqueIdentifier>{b982eb74-2f83-480f-a950-5f4fa99f4bfa}</UniqueIdentifier>
    </Filter>
    <Filter Include="Engine\Graphics">
      <UniqueIdentifier>{e8214408-7963-4259-bbbe-78ad3ca6c676}</UniqueIdentifier>
    </Filter>
    <Filter Include="Engine\Audio">
      <UniqueIdentifier>{e9689982-5185-4b9a-bef9-acab367ee40a}</UniqueIdentifier>
    </Filter>
    <Filter Include="Engine\Graphics\RenderSystem">
      <UniqueIdentifier>{157c94bc-9ff4-4293-932c-0207737e1b63}</UniqueIdentifier>
    </Filter>
    <Filter Include="Engine\Graphics\Resource">
      <UniqueIdentifier>{4e0b71b7-cd43-4fd2-891a-593b67e4549c}</UniqueIdentifier>
    </Filter>
    <Filter Include="Engine\Graphics\Utility">
      <UniqueIdentifier>{4b896424-7a7c-4337-977f-d336ff90ad17}</UniqueIdentifier>
    </Filter>
    <Filter Include="Engine\Graphics\Device">
      <UniqueIdentifier>{cb356f04-6c9b-4cf4-9d18-ded09bb4ea5e}</UniqueIdentifier>
    </Filter>
    <Filter Include="Engine\Debugs">
      <UniqueIdentifier>{33db2721-feac-4fd3-8721-b5f3b947c11f}</UniqueIdentifier>
    </Filter>
    <Filter Include="Engine\Math">
      <UniqueIdentifier>{1f076466-4dd9-4064-8c94-ae7be1d9b5ad}</UniqueIdentifier>
    </Filter>
    <Filter Include="Engine\Math\Camera">
      <UniqueIdentifier>{f50a5231-96d7-4a01-bf27-e8ba573d8b0c}</UniqueIdentifier>
    </Filter>
    <Filter Include="Engine\Mesh">
      <UniqueIdentifier>{f6d74411-9cfe-45f9-b09d-045c08dab040}</UniqueIdentifier>
    </Filter>
    <Filter Include="Engine\Math\Utility">
      <UniqueIdentifier>{bae7f573-349b-4e88-9985-b000f255cfa8}</UniqueIdentifier>
    </Filter>
    <Filter Include="Game\Data">
      <UniqueIdentifier>{0f504b86-5529-4526-bd37-c102944c7ca2}</UniqueIdentifier>
    </Filter>
    <Filter Include="Game\Character">
      <UniqueIdentifier>{a9e73aa3-811c-48ca-84fb-7e7690b8bebf}</UniqueIdentifier>
    </Filter>
    <Filter Include="Game\Camera">
      <UniqueIdentifier>{b90b66da-ace7-4847-b4cc-72519e85f126}</UniqueIdentifier>
    </Filter>
    <Filter Include="Data">
      <UniqueIdentifier>{e5ddbe8d-07df-4c9e-8447-53b71b374080}</UniqueIdentifier>
    </Filter>
    <Filter Include="Game\Physics">
      <UniqueIdentifier>{0b57bfe9-1609-4fbb-bf55-ccdbaa190c44}</UniqueIdentifier>
    </Filter>
    <Filter Include="Game\Effect">
      <UniqueIdentifier>{db96f87b-f7ef-43a4-80fe-c80d2f98ceeb}</UniqueIdentifier>
    </Filter>
    <Filter Include="Game\Character\Player">
      <UniqueIdentifier>{33266fd5-ac72-4ea5-a3b7-5bdb8bf1cbc3}</UniqueIdentifier>
    </Filter>
    <Filter Include="Game\Character\Enemy">
      <UniqueIdentifier>{9ddc9f7a-5fdf-4e21-a3ea-3f8cef6fd49e}</UniqueIdentifier>
    </Filter>
    <Filter Include="Game\Utility">
      <UniqueIdentifier>{3f282085-554a-4061-9d22-d65af9a851c0}</UniqueIdentifier>
    </Filter>
    <Filter Include="Game\Physics\Collision">
      <UniqueIdentifier>{48da92dd-feb5-47eb-9a46-f9c32ff41604}</UniqueIdentifier>
    </Filter>
    <Filter Include="Shaders">
      <UniqueIdentifier>{e54c0540-dd0d-4031-8484-17acc04fea5a}</UniqueIdentifier>
    </Filter>
    <Filter Include="Engine\Graphics\PostProcess">
      <UniqueIdentifier>{93aea706-760c-4eff-a9b3-53192226ccd1}</UniqueIdentifier>
    </Filter>
    <Filter Include="Game\Map">
      <UniqueIdentifier>{21c9eb49-ab05-40c1-9487-a4892bdf9187}</UniqueIdentifier>
    </Filter>
    <Filter Include="Game\Character\Player\State">
      <UniqueIdentifier>{dae5b70e-2155-40f9-8cbf-88c9938bb1ff}</UniqueIdentifier>
    </Filter>
    <Filter Include="Game\Scene\SampleScene">
      <UniqueIdentifier>{ca50a752-1cf2-4962-bdb0-95237608a21d}</UniqueIdentifier>
    </Filter>
  </ItemGroup>
  <ItemGroup>
    <ClCompile Include="externals\imgui\imgui.cpp">
      <Filter>imgui</Filter>
    </ClCompile>
    <ClCompile Include="externals\imgui\imgui_demo.cpp">
      <Filter>imgui</Filter>
    </ClCompile>
    <ClCompile Include="externals\imgui\imgui_draw.cpp">
      <Filter>imgui</Filter>
    </ClCompile>
    <ClCompile Include="externals\imgui\imgui_impl_dx12.cpp">
      <Filter>imgui</Filter>
    </ClCompile>
    <ClCompile Include="externals\imgui\imgui_impl_win32.cpp">
      <Filter>imgui</Filter>
    </ClCompile>
    <ClCompile Include="externals\imgui\imgui_tables.cpp">
      <Filter>imgui</Filter>
    </ClCompile>
    <ClCompile Include="externals\imgui\imgui_widgets.cpp">
      <Filter>imgui</Filter>
    </ClCompile>
    <ClCompile Include="Engine\Core\Input.cpp">
      <Filter>Engine\Core</Filter>
    </ClCompile>
    <ClCompile Include="Engine\Debugs\Logger.cpp">
      <Filter>Engine\Core</Filter>
    </ClCompile>
    <ClCompile Include="Engine\Core\Window.cpp">
      <Filter>Engine\Core</Filter>
    </ClCompile>
    <ClCompile Include="Engine\Graphics\Device\CommandManager.cpp">
      <Filter>Engine\Graphics\RenderSystem</Filter>
    </ClCompile>
    <ClCompile Include="Engine\Graphics\Resource\DSVManager.cpp">
      <Filter>Engine\Graphics\RenderSystem</Filter>
    </ClCompile>
    <ClCompile Include="Engine\Graphics\Utility\RenderContext.cpp">
      <Filter>Engine\Graphics\RenderSystem</Filter>
    </ClCompile>
    <ClCompile Include="Engine\Graphics\RenderSystem\RenderCoordinator.cpp">
      <Filter>Engine\Graphics\RenderSystem</Filter>
    </ClCompile>
    <ClCompile Include="Engine\Graphics\Resource\RTVManager.cpp">
      <Filter>Engine\Graphics\RenderSystem</Filter>
    </ClCompile>
    <ClCompile Include="Engine\Graphics\Device\SwapChain.cpp">
      <Filter>Engine\Graphics\RenderSystem</Filter>
    </ClCompile>
    <ClCompile Include="Engine\Audio\AudioPlayer.cpp">
      <Filter>Engine\Audio</Filter>
    </ClCompile>
    <ClCompile Include="Engine\Graphics\RenderSystem\LightManager.cpp">
      <Filter>Engine\Graphics\Utility</Filter>
    </ClCompile>
    <ClCompile Include="Engine\Graphics\Utility\ShapeGenerator.cpp">
      <Filter>Engine\Graphics\Utility</Filter>
    </ClCompile>
    <ClCompile Include="Engine\Graphics\Resource\MaterialManager.cpp">
      <Filter>Engine\Graphics\Resource</Filter>
    </ClCompile>
    <ClCompile Include="Engine\Mesh\ModelLoader.cpp">
      <Filter>Engine\Graphics\Resource</Filter>
    </ClCompile>
    <ClCompile Include="Engine\Graphics\Resource\SRVManager.cpp">
      <Filter>Engine\Graphics\Resource</Filter>
    </ClCompile>
    <ClCompile Include="Engine\Graphics\Resource\TextureLoader.cpp">
      <Filter>Engine\Graphics\Resource</Filter>
    </ClCompile>
    <ClCompile Include="Engine\Graphics\Device\DescriptorHeapManager.cpp">
      <Filter>Engine\Graphics\Device</Filter>
    </ClCompile>
    <ClCompile Include="Engine\Graphics\Device\GraphicsDevice.cpp">
      <Filter>Engine\Graphics\Device</Filter>
    </ClCompile>
    <ClCompile Include="Engine\Graphics\RenderSystem\PSOManager.cpp">
      <Filter>Engine\Graphics\Device</Filter>
    </ClCompile>
    <ClCompile Include="Engine\Debugs\DebugLayerManager.cpp">
      <Filter>Engine\Debugs</Filter>
    </ClCompile>
    <ClCompile Include="Engine\Camera\Camera.cpp">
      <Filter>Engine\Math\Camera</Filter>
    </ClCompile>
    <ClCompile Include="Engine\Camera\DebugCamera.cpp">
      <Filter>Engine\Math\Camera</Filter>
    </ClCompile>
    <ClCompile Include="Engine\Mesh\Mesh.cpp">
      <Filter>Engine\Graphics\Resource</Filter>
    </ClCompile>
    <ClCompile Include="Engine\Engine.cpp">
      <Filter>Engine</Filter>
    </ClCompile>
    <ClCompile Include="Game\Game.cpp">
      <Filter>Game</Filter>
    </ClCompile>
    <ClCompile Include="Game\Scene\PlayScene.cpp">
      <Filter>Game\Scene</Filter>
    </ClCompile>
    <ClCompile Include="Game\Scene\TitleScene.cpp">
      <Filter>Game\Scene</Filter>
    </ClCompile>
    <ClCompile Include="Engine\Graphics\Utility\BufferManager.cpp">
      <Filter>Engine\Graphics\RenderSystem</Filter>
    </ClCompile>
    <ClCompile Include="Engine\Graphics\Resource\ShaderManager.cpp">
      <Filter>Engine\Graphics\RenderSystem</Filter>
    </ClCompile>
    <ClCompile Include="Engine\Graphics\Utility\BlendMode.cpp">
      <Filter>Engine\Graphics\Utility</Filter>
    </ClCompile>
    <ClCompile Include="Engine\Graphics\Particle\ParticleSystem.cpp">
      <Filter>Game\GameObject</Filter>
    </ClCompile>
    <ClCompile Include="Engine\Graphics\RenderSystem\Model.cpp">
      <Filter>Engine\Mesh</Filter>
    </ClCompile>
    <ClCompile Include="Engine\Audio\AudioDevice.cpp">
      <Filter>Engine\Audio</Filter>
    </ClCompile>
    <ClCompile Include="Engine\Math\Utility\MathUtils.cpp">
      <Filter>Engine\Math\Utility</Filter>
    </ClCompile>
    <ClCompile Include="Engine\Core\StringUtils.cpp">
      <Filter>Engine\Math\Utility</Filter>
    </ClCompile>
    <ClCompile Include="Engine\Math\WorldTransform.cpp">
      <Filter>Engine\Math\Utility</Filter>
    </ClCompile>
    <ClCompile Include="Engine\Debugs\DebugGuiManager.cpp">
      <Filter>Engine\Debugs</Filter>
    </ClCompile>
    <ClCompile Include="Engine\Debugs\ImGuiManager.cpp">
      <Filter>Engine\Debugs</Filter>
    </ClCompile>
    <ClCompile Include="Game\GameObject\Skydome.cpp">
      <Filter>Game\GameObject</Filter>
    </ClCompile>
    <ClCompile Include="Game\Map\MapChipField.cpp">
      <Filter>Game\GameObject</Filter>
    </ClCompile>
    <ClCompile Include="Engine\Audio\MediaAudioDecoder.cpp">
      <Filter>Engine\Audio</Filter>
    </ClCompile>
    <ClCompile Include="Engine\Framework\Fade.cpp">
      <Filter>Game\Effect</Filter>
    </ClCompile>
    <ClCompile Include="Engine\Math\Easing.cpp">
      <Filter>Game\Effect</Filter>
    </ClCompile>
    <ClCompile Include="Game\GameObject\Character\Enemy\Enemy.cpp">
      <Filter>Game\Character\Enemy</Filter>
    </ClCompile>
    <ClCompile Include="Game\GameObject\Character\Player\Player.cpp">
      <Filter>Game\Character\Player</Filter>
    </ClCompile>
    <ClCompile Include="Engine\Collision\Collision.cpp">
      <Filter>Game\Physics\Collision</Filter>
    </ClCompile>
    <ClCompile Include="Engine\Collision\CollisionManager.cpp">
      <Filter>Game\Physics\Collision</Filter>
    </ClCompile>
    <ClCompile Include="Engine\Math\Quaternion.cpp">
      <Filter>Game\Physics</Filter>
    </ClCompile>
    <ClCompile Include="Engine\Math\Matrix\Matrix4x4.cpp">
      <Filter>Engine\Math\Utility</Filter>
    </ClCompile>
    <ClCompile Include="Engine\Math\Vector\Vector3.cpp">
      <Filter>Engine\Math\Utility</Filter>
    </ClCompile>
    <ClCompile Include="Engine\Math\Vector\Vector4.cpp">
      <Filter>Engine\Math\Utility</Filter>
    </ClCompile>
    <ClCompile Include="Engine\Math\Matrix\Matrix3x3.cpp">
      <Filter>Engine\Math\Utility</Filter>
    </ClCompile>
    <ClCompile Include="Engine\Math\Vector\Vector2.cpp">
      <Filter>Engine\Math\Utility</Filter>
    </ClCompile>
    <ClCompile Include="Engine\Graphics\Resource\GlobalConstants.cpp">
      <Filter>Engine\Math\Camera</Filter>
    </ClCompile>
    <ClCompile Include="Engine\Graphics\PostProcess\PostEffectManager.cpp">
      <Filter>Engine\Graphics\PostProcess</Filter>
    </ClCompile>
    <ClCompile Include="Game\Camera\FollowCamera.cpp">
      <Filter>Game\Camera</Filter>
    </ClCompile>
    <ClCompile Include="Game\GameObject\Ground.cpp">
      <Filter>Game\GameObject</Filter>
    </ClCompile>
    <ClCompile Include="Engine\Core\GlobalVariables.cpp">
      <Filter>Engine\Core</Filter>
    </ClCompile>
    <ClCompile Include="Engine\Core\TimeManager.cpp">
      <Filter>Engine\Core</Filter>
    </ClCompile>
    <ClCompile Include="externals\ImGuiFileDialog.cpp">
      <Filter>Game</Filter>
    </ClCompile>
    <ClCompile Include="Engine\Graphics\RenderSystem\RootSignatureManager.cpp">
      <Filter>Engine\Graphics\Device</Filter>
    </ClCompile>
    <ClCompile Include="Engine\Resources\AudioManager.cpp">
      <Filter>Game\Data</Filter>
    </ClCompile>
    <ClCompile Include="Engine\Graphics\Particle\ParticleEmitter.cpp">
      <Filter>Game\GameObject</Filter>
    </ClCompile>
    <ClCompile Include="Game\GameObject\GameObjectManager.cpp">
      <Filter>Game\GameObject</Filter>
    </ClCompile>
    <ClCompile Include="Game\Scene\TestScene\TestSceneHori.cpp">
      <Filter>Game\Scene\SampleScene</Filter>
    </ClCompile>
    <ClCompile Include="Engine\Effect\ShakeEffect.cpp">
      <Filter>Game\Effect</Filter>
    </ClCompile>
    <ClCompile Include="main.cpp" />
    <ClCompile Include="Engine\Graphics\RenderSystem\Sprite.cpp">
      <Filter>Engine\Mesh</Filter>
    </ClCompile>
    <ClCompile Include="Engine\Graphics\Animation\AnimationData.cpp">
      <Filter>Engine\Mesh</Filter>
    </ClCompile>
    <ClCompile Include="Engine\Graphics\Animation\AnimationLoader.cpp">
      <Filter>Game</Filter>
    </ClCompile>
    <ClCompile Include="Engine\Graphics\Particle\ParticleEditor.cpp">
      <Filter>Game</Filter>
    </ClCompile>
    <ClCompile Include="Engine\Graphics\Animation\AnimationModel.cpp">
      <Filter>Game</Filter>
    </ClCompile>
    <ClCompile Include="Engine\Graphics\Particle\ParticleConfigManager.cpp">
      <Filter>Game</Filter>
    </ClCompile>
    <ClCompile Include="Engine\Graphics\Renderer\RendererManager.cpp">
      <Filter>Game</Filter>
    </ClCompile>
    <ClCompile Include="Engine\Core\FrameLimiter.cpp">
      <Filter>Game</Filter>
    </ClCompile>
    <ClCompile Include="Game\GameObject\ParticleSystemWrapper.cpp">
      <Filter>Game</Filter>
    </ClCompile>
    <ClCompile Include="Engine\Graphics\RenderSystem\Skybox.cpp">
      <Filter>Game</Filter>
    </ClCompile>
    <ClCompile Include="Game\GameObject\Grid.cpp">
      <Filter>Game</Filter>
    </ClCompile>
    <ClCompile Include="Engine\Debugs\DebugUtils.cpp">
      <Filter>Game</Filter>
    </ClCompile>
    <ClCompile Include="Engine\Graphics\RenderSystem\RootSignatureBuilder.cpp">
      <Filter>Game</Filter>
    </ClCompile>
    <ClCompile Include="Engine\Graphics\Resource\ShadowMap.cpp">
      <Filter>Game</Filter>
    </ClCompile>
    <ClCompile Include="Engine\Graphics\RenderSystem\Line.cpp">
      <Filter>Game</Filter>
    </ClCompile>
    <ClCompile Include="Engine\Debugs\DebugDraw.cpp">
      <Filter>Game</Filter>
    </ClCompile>
    <ClCompile Include="Engine\Collision\Collider.cpp">
      <Filter>Game</Filter>
    </ClCompile>
    <ClCompile Include="Engine\Graphics\PostProcess\BlurPass.cpp">
      <Filter>Game</Filter>
    </ClCompile>
    <ClCompile Include="Engine\Graphics\PostProcess\IPostEffect.cpp">
      <Filter>Game</Filter>
    </ClCompile>
    <ClCompile Include="Engine\Graphics\PostProcess\BrightExtractPass.cpp">
      <Filter>Game</Filter>
    </ClCompile>
    <ClCompile Include="Engine\Graphics\PostProcess\BloomCombinePass.cpp">
      <Filter>Game</Filter>
    </ClCompile>
    <ClCompile Include="Engine\Graphics\PostProcess\DownsamplePass.cpp">
      <Filter>Game</Filter>
    </ClCompile>
    <ClCompile Include="Engine\Graphics\PostProcess\BokehBlurPass.cpp">
      <Filter>Game</Filter>
    </ClCompile>
    <ClCompile Include="Engine\Graphics\PostProcess\GodRayPass.cpp">
      <Filter>Game</Filter>
    </ClCompile>
    <ClCompile Include="externals\ImGuizmo\ImGuizmo.cpp">
      <Filter>Game</Filter>
    </ClCompile>
    <ClCompile Include="Engine\Framework\FadeOutState.cpp">
      <Filter>Game</Filter>
    </ClCompile>
    <ClCompile Include="Engine\Framework\FadeInState.cpp">
      <Filter>Game</Filter>
    </ClCompile>
    <ClCompile Include="Engine\Framework\NormalState.cpp">
      <Filter>Game</Filter>
    </ClCompile>
    <ClCompile Include="Game\GameObject\GameObject.cpp">
      <Filter>Game</Filter>
    </ClCompile>
    <ClCompile Include="Engine\Debugs\PropertyBinder.cpp">
      <Filter>Game</Filter>
    </ClCompile>
    <ClCompile Include="Engine\Resources\ModelManager.cpp">
      <Filter>Game</Filter>
    </ClCompile>
    <ClCompile Include="Engine\Resources\AnimationManager.cpp">
      <Filter>Game</Filter>
    </ClCompile>
    <ClCompile Include="Engine\Resources\TextureManager.cpp">
      <Filter>Game</Filter>
    </ClCompile>
    <ClCompile Include="Engine\Graphics\PostProcess\SSAOPass.cpp">
      <Filter>Game</Filter>
    </ClCompile>
    <ClCompile Include="Engine\Graphics\PostProcess\BilateralBlurPass.cpp">
      <Filter>Game</Filter>
    </ClCompile>
    <ClCompile Include="Engine\Graphics\PostProcess\SSRPass.cpp">
      <Filter>Game</Filter>
    </ClCompile>
    <ClCompile Include="Game\GameObject\Bubble.cpp">
      <Filter>Game</Filter>
    </ClCompile>
    <ClCompile Include="Engine\Graphics\Renderer\ModelRenderer.cpp">
      <Filter>Game</Filter>
    </ClCompile>
    <ClCompile Include="Engine\Graphics\Renderer\SpriteRenderer.cpp">
      <Filter>Game</Filter>
    </ClCompile>
    <ClCompile Include="Engine\Graphics\Renderer\ParticleRenderer.cpp">
      <Filter>Game</Filter>
    </ClCompile>
    <ClCompile Include="Engine\Graphics\Renderer\GrassRenderer.cpp">
      <Filter>Game</Filter>
    </ClCompile>
    <ClCompile Include="Engine\Graphics\Renderer\TrailRenderer.cpp">
      <Filter>Game</Filter>
    </ClCompile>
    <ClCompile Include="Engine\Graphics\Renderer\LineRenderer.cpp">
      <Filter>Game</Filter>
    </ClCompile>
    <ClCompile Include="Engine\Graphics\Renderer\SkyboxRenderer.cpp">
      <Filter>Game</Filter>
    </ClCompile>
    <ClCompile Include="Engine\Graphics\RenderSystem\GrassSystem.cpp">
      <Filter>Game</Filter>
    </ClCompile>
    <ClCompile Include="Game\GameObject\GrassField.cpp">
      <Filter>Game</Filter>
    </ClCompile>
    <ClCompile Include="Engine\Graphics\Particle\ParticleDefinition.cpp">
      <Filter>Game</Filter>
    </ClCompile>
    <ClCompile Include="Engine\Core\pch.cpp">
      <Filter>Game</Filter>
    </ClCompile>
    <ClCompile Include="Engine\Debugs\PropertyBinderObject.cpp">
      <Filter>Game</Filter>
    </ClCompile>
    <ClCompile Include="Engine\Graphics\RenderSystem\RenderPipeline.cpp">
      <Filter>Game</Filter>
    </ClCompile>
    <ClCompile Include="Engine\Framework\SceneManager.cpp">
      <Filter>Game</Filter>
    </ClCompile>
  </ItemGroup>
  <ItemGroup>
    <ClInclude Include="externals\imgui\imconfig.h">
      <Filter>imgui</Filter>
    </ClInclude>
    <ClInclude Include="externals\imgui\imgui.h">
      <Filter>imgui</Filter>
    </ClInclude>
    <ClInclude Include="externals\imgui\imgui_impl_dx12.h">
      <Filter>imgui</Filter>
    </ClInclude>
    <ClInclude Include="externals\imgui\imgui_impl_win32.h">
      <Filter>imgui</Filter>
    </ClInclude>
    <ClInclude Include="externals\imgui\imstb_rectpack.h">
      <Filter>imgui</Filter>
    </ClInclude>
    <ClInclude Include="externals\imgui\imstb_textedit.h">
      <Filter>imgui</Filter>
    </ClInclude>
    <ClInclude Include="externals\imgui\imstb_truetype.h">
      <Filter>imgui</Filter>
    </ClInclude>
    <ClInclude Include="Engine\Core\Input.h">
      <Filter>Engine\Core</Filter>
    </ClInclude>
    <ClInclude Include="Engine\Graphics\Resource\Structures.h">
      <Filter>Engine\Core</Filter>
    </ClInclude>
    <ClInclude Include="Engine\Core\Window.h">
      <Filter>Engine\Core</Filter>
    </ClInclude>
    <ClInclude Include="Engine\Graphics\Device\CommandManager.h">
      <Filter>Engine\Graphics\RenderSystem</Filter>
    </ClInclude>
    <ClInclude Include="Engine\Graphics\Utility\RenderContext.h">
      <Filter>Engine\Graphics\RenderSystem</Filter>
    </ClInclude>
    <ClInclude Include="Engine\Graphics\RenderSystem\RenderCoordinator.h">
      <Filter>Engine\Graphics\RenderSystem</Filter>
    </ClInclude>
    <ClInclude Include="Engine\Graphics\Resource\RTVManager.h">
      <Filter>Engine\Graphics\RenderSystem</Filter>
    </ClInclude>
    <ClInclude Include="Engine\Graphics\Device\SwapChain.h">
      <Filter>Engine\Graphics\RenderSystem</Filter>
    </ClInclude>
    <ClInclude Include="Engine\Audio\AudioDevice.h">
      <Filter>Engine\Audio</Filter>
    </ClInclude>
    <ClInclude Include="Engine\Audio\AudioPlayer.h">
      <Filter>Engine\Audio</Filter>
    </ClInclude>
    <ClInclude Include="Engine\Graphics\RenderSystem\LightManager.h">
      <Filter>Engine\Graphics\Utility</Filter>
    </ClInclude>
    <ClInclude Include="Engine\Graphics\Utility\ShapeGenerator.h">
      <Filter>Engine\Graphics\Utility</Filter>
    </ClInclude>
    <ClInclude Include="Engine\Graphics\Resource\MaterialManager.h">
      <Filter>Engine\Graphics\Resource</Filter>
    </ClInclude>
    <ClInclude Include="Engine\Mesh\ModelLoader.h">
      <Filter>Engine\Graphics\Resource</Filter>
    </ClInclude>
    <ClInclude Include="Engine\Graphics\Resource\SRVManager.h">
      <Filter>Engine\Graphics\Resource</Filter>
    </ClInclude>
    <ClInclude Include="Engine\Graphics\Resource\TextureLoader.h">
      <Filter>Engine\Graphics\Resource</Filter>
    </ClInclude>
    <ClInclude Include="Engine\Graphics\Device\DescriptorHeapManager.h">
      <Filter>Engine\Graphics\Device</Filter>
    </ClInclude>
    <ClInclude Include="Engine\Graphics\Device\GraphicsDevice.h">
      <Filter>Engine\Graphics\Device</Filter>
    </ClInclude>
    <ClInclude Include="Engine\Graphics\RenderSystem\PSOManager.h">
      <Filter>Engine\Graphics\Device</Filter>
    </ClInclude>
    <ClInclude Include="Engine\Debugs\DebugLayerManager.h">
      <Filter>Engine\Debugs</Filter>
    </ClInclude>
    <ClInclude Include="Engine\Debugs\ImGuiManager.h">
      <Filter>Engine\Debugs</Filter>
    </ClInclude>
    <ClInclude Include="Engine\Camera\Camera.h">
      <Filter>Engine\Math\Camera</Filter>
    </ClInclude>
    <ClInclude Include="Engine\Camera\DebugCamera.h">
      <Filter>Engine\Math\Camera</Filter>
    </ClInclude>
    <ClInclude Include="Engine\Mesh\Mesh.h">
      <Filter>Engine\Graphics\Resource</Filter>
    </ClInclude>
    <ClInclude Include="Engine\Engine.h">
      <Filter>Engine</Filter>
    </ClInclude>
    <ClInclude Include="Game\Game.h">
      <Filter>Game</Filter>
    </ClInclude>
    <ClInclude Include="Game\Scene\PlayScene.h">
      <Filter>Game\Scene</Filter>
    </ClInclude>
    <ClInclude Include="Game\Scene\TitleScene.h">
      <Filter>Game\Scene</Filter>
    </ClInclude>
    <ClInclude Include="Engine\Graphics\Utility\BufferManager.h">
      <Filter>Engine\Graphics\RenderSystem</Filter>
    </ClInclude>
    <ClInclude Include="Engine\Graphics\Resource\ShaderManager.h">
      <Filter>Engine\Graphics\RenderSystem</Filter>
    </ClInclude>
    <ClInclude Include="Engine\Graphics\Resource\DSVManager.h">
      <Filter>Engine\Graphics\RenderSystem</Filter>
    </ClInclude>
    <ClInclude Include="Engine\Graphics\Utility\BlendMode.h">
      <Filter>Engine\Graphics\Utility</Filter>
    </ClInclude>
    <ClInclude Include="resource.h">
      <Filter>Game</Filter>
    </ClInclude>
    <ClInclude Include="Engine\Graphics\RenderSystem\Model.h">
      <Filter>Engine\Mesh</Filter>
    </ClInclude>
    <ClInclude Include="Engine\Graphics\Particle\ParticleSystem.h">
      <Filter>Game\GameObject</Filter>
    </ClInclude>
    <ClInclude Include="Engine\Graphics\RenderSystem\RenderCommon.h">
      <Filter>Engine\Core</Filter>
    </ClInclude>
    <ClInclude Include="Engine\Math\Utility\MathUtils.h">
      <Filter>Engine\Math\Utility</Filter>
    </ClInclude>
    <ClInclude Include="Engine\Math\Matrix\Matrix.h">
      <Filter>Engine\Math\Utility</Filter>
    </ClInclude>
    <ClInclude Include="Engine\Math\Matrix\Matrix3x3.h">
      <Filter>Engine\Math\Utility</Filter>
    </ClInclude>
    <ClInclude Include="Engine\Math\Matrix\Matrix4x4.h">
      <Filter>Engine\Math\Utility</Filter>
    </ClInclude>
    <ClInclude Include="Engine\Core\StringUtils.h">
      <Filter>Engine\Math\Utility</Filter>
    </ClInclude>
    <ClInclude Include="Engine\Math\Vector\Vector.h">
      <Filter>Engine\Math\Utility</Filter>
    </ClInclude>
    <ClInclude Include="Engine\Math\Vector\Vector2.h">
      <Filter>Engine\Math\Utility</Filter>
    </ClInclude>
    <ClInclude Include="Engine\Math\Vector\Vector3.h">
      <Filter>Engine\Math\Utility</Filter>
    </ClInclude>
    <ClInclude Include="Engine\Math\Vector\Vector4.h">
      <Filter>Engine\Math\Utility</Filter>
    </ClInclude>
    <ClInclude Include="Engine\Math\WorldTransform.h">
      <Filter>Engine\Math\Utility</Filter>
    </ClInclude>
    <ClInclude Include="Engine\Debugs\DebugGuiManager.h">
      <Filter>Engine\Debugs</Filter>
    </ClInclude>
    <ClInclude Include="Game\GameObject\Skydome.h">
      <Filter>Game\GameObject</Filter>
    </ClInclude>
    <ClInclude Include="Game\Map\MapChipField.h">
      <Filter>Game\GameObject</Filter>
    </ClInclude>
    <ClInclude Include="Include\json.hpp">
      <Filter>Data</Filter>
    </ClInclude>
    <ClInclude Include="Engine\Audio\MediaAudioDecoder.h">
      <Filter>Engine\Audio</Filter>
    </ClInclude>
    <ClInclude Include="Engine\Framework\Fade.h">
      <Filter>Game\Effect</Filter>
    </ClInclude>
    <ClInclude Include="Engine\Math\Easing.h">
      <Filter>Game\Effect</Filter>
    </ClInclude>
    <ClInclude Include="Game\GameObject\Character\Enemy\Enemy.h">
      <Filter>Game\Character\Enemy</Filter>
    </ClInclude>
    <ClInclude Include="Game\GameObject\Character\Player\Player.h">
      <Filter>Game\Character\Player</Filter>
    </ClInclude>
    <ClInclude Include="Engine\Collision\Collider.h">
      <Filter>Game\Physics\Collision</Filter>
    </ClInclude>
    <ClInclude Include="Engine\Collision\Collision.h">
      <Filter>Game\Physics\Collision</Filter>
    </ClInclude>
    <ClInclude Include="Game\Global\CollisionConfig.h">
      <Filter>Game\Physics\Collision</Filter>
    </ClInclude>
    <ClInclude Include="Engine\Collision\CollisionManager.h">
      <Filter>Game\Physics\Collision</Filter>
    </ClInclude>
    <ClInclude Include="Engine\Math\Quaternion.h">
      <Filter>Game\Physics</Filter>
    </ClInclude>
    <ClInclude Include="Engine\Graphics\Resource\GlobalConstants.h">
      <Filter>Engine\Math\Camera</Filter>
    </ClInclude>
    <ClInclude Include="Engine\Graphics\PostProcess\PostEffectManager.h">
      <Filter>Engine\Graphics\PostProcess</Filter>
    </ClInclude>
    <ClInclude Include="Engine\Debugs\Logger.h">
      <Filter>Engine\Core</Filter>
    </ClInclude>
    <ClInclude Include="Game\Camera\FollowCamera.h">
      <Filter>Game\Camera</Filter>
    </ClInclude>
    <ClInclude Include="Game\GameObject\Ground.h">
      <Filter>Game\GameObject</Filter>
    </ClInclude>
    <ClInclude Include="Engine\Core\GlobalVariables.h">
      <Filter>Engine\Core</Filter>
    </ClInclude>
    <ClInclude Include="Engine\Core\TimeManager.h">
      <Filter>Engine\Core</Filter>
    </ClInclude>
    <ClInclude Include="Engine\Graphics\Resource\SRVAllocator.h">
      <Filter>Engine\Graphics\Resource</Filter>
    </ClInclude>
    <ClInclude Include="externals\ImGuiFileDialogConfig.h" />
    <ClInclude Include="Engine\Graphics\RenderSystem\RootSignatureManager.h">
      <Filter>Engine\Graphics\Device</Filter>
    </ClInclude>
    <ClInclude Include="Engine\Resources\AudioManager.h">
      <Filter>Game\Data</Filter>
    </ClInclude>
    <ClInclude Include="Engine\Graphics\Particle\ParticleEmitter.h">
      <Filter>Game\GameObject</Filter>
    </ClInclude>
    <ClInclude Include="Game\GameObject\GameObjectManager.h">
      <Filter>Game\GameObject</Filter>
    </ClInclude>
    <ClInclude Include="Game\GameObject\GameObject.h">
      <Filter>Game\GameObject</Filter>
    </ClInclude>
    <ClInclude Include="Game\Scene\TestScene\TestSceneHori.h">
      <Filter>Game\Scene\SampleScene</Filter>
    </ClInclude>
    <ClInclude Include="Engine\Effect\ShakeEffect.h">
      <Filter>Game\Effect</Filter>
    </ClInclude>
    <ClInclude Include="Engine\Graphics\RenderSystem\Sprite.h">
      <Filter>Engine\Mesh</Filter>
    </ClInclude>
    <ClInclude Include="Engine\Graphics\Animation\AnimationData.h">
      <Filter>Engine\Mesh</Filter>
    </ClInclude>
    <ClInclude Include="Engine\Graphics\Animation\AnimationLoader.h" />
    <ClInclude Include="Engine\Graphics\Particle\ParticleEditor.h" />
    <ClInclude Include="Engine\Graphics\Animation\AnimationModel.h" />
    <ClInclude Include="Engine\Graphics\Particle\ParticleConfigManager.h" />
    <ClInclude Include="Engine\Graphics\Particle\ParticleDefinition.h" />
    <ClInclude Include="Engine\Graphics\Renderer\RendererManager.h" />
    <ClInclude Include="Engine\Core\FrameLimiter.h" />
    <ClInclude Include="Game\GameObject\ParticleSystemWrapper.h" />
    <ClInclude Include="Engine\Graphics\RenderSystem\Skybox.h" />
    <ClInclude Include="Game\GameObject\Grid.h" />
    <ClInclude Include="Engine\Debugs\DebugUtils.h" />
    <ClInclude Include="Engine\Graphics\RenderSystem\RootSignatureBuilder.h" />
    <ClInclude Include="Engine\Math\Tween.h" />
    <ClInclude Include="Engine\Graphics\Resource\ShadowMap.h" />
    <ClInclude Include="Engine\Graphics\RenderSystem\Line.h" />
    <ClInclude Include="Engine\Debugs\DebugDraw.h" />
    <ClInclude Include="Engine\Graphics\PostProcess\BlurPass.h" />
    <ClInclude Include="Engine\Graphics\PostProcess\IPostEffect.h" />
    <ClInclude Include="Engine\Graphics\PostProcess\BrightExtractPass.h" />
    <ClInclude Include="Engine\Graphics\PostProcess\BloomCombinePass.h" />
    <ClInclude Include="Engine\Graphics\PostProcess\DownsamplePass.h" />
    <ClInclude Include="Engine\Graphics\PostProcess\BokehBlurPass.h" />
    <ClInclude Include="Engine\Graphics\PostProcess\GodRayPass.h" />
    <ClInclude Include="externals\ImGuizmo\ImGuizmo.h" />
    <ClInclude Include="Engine\Framework\ISceneTransitionState.h" />
    <ClInclude Include="Engine\Framework\FadeOutState.h" />
    <ClInclude Include="Engine\Framework\FadeInState.h" />
    <ClInclude Include="Engine\Framework\NormalState.h" />
    <ClInclude Include="Engine\Debugs\PropertyBinder.h" />
    <ClInclude Include="Engine\Resources\ModelManager.h" />
    <ClInclude Include="Engine\Resources\AnimationManager.h" />
    <ClInclude Include="Engine\Resources\TextureManager.h" />
    <ClInclude Include="Engine\Core\ProjectConfig.h" />
    <ClInclude Include="Engine\Graphics\PostProcess\SSAOPass.h" />
    <ClInclude Include="Engine\Graphics\PostProcess\BilateralBlurPass.h" />
    <ClInclude Include="Engine\Graphics\PostProcess\SSRPass.h" />
    <ClInclude Include="Game\GameObject\Bubble.h" />
    <ClInclude Include="Engine\Graphics\Renderer\ModelRenderer.h" />
    <ClInclude Include="Engine\Graphics\Renderer\SpriteRenderer.h" />
    <ClInclude Include="Engine\Graphics\Renderer\ParticleRenderer.h" />
    <ClInclude Include="Engine\Graphics\Renderer\GrassRenderer.h" />
    <ClInclude Include="Engine\Graphics\Renderer\TrailRenderer.h" />
    <ClInclude Include="Engine\Graphics\Renderer\RenderEnvironment.h" />
    <ClInclude Include="Engine\Graphics\Renderer\LineRenderer.h" />
    <ClInclude Include="Engine\Graphics\Renderer\SkyboxRenderer.h" />
    <ClInclude Include="Engine\Graphics\RenderSystem\GrassSystem.h" />
    <ClInclude Include="Game\GameObject\GrassField.h" />
    <ClInclude Include="Engine\Core\pch.h" />
    <ClInclude Include="Engine\Audio\AudioDefinition.h" />
    <ClInclude Include="Engine\Graphics\RenderSystem\RenderPipeline.h" />
    <ClInclude Include="Engine\Framework\SceneManager.h" />
    <ClInclude Include="Engine\Framework\BaseScene.h" />
  </ItemGroup>
  <ItemGroup>
    <Text Include="externals\imgui\LICENSE.txt">
      <Filter>imgui</Filter>
    </Text>
  </ItemGroup>
  <ItemGroup>
    <None Include="Resources\Shaders\Object3D.hlsli">
      <Filter>Shaders</Filter>
    </None>
    <None Include="Resources\Shaders\ParticleCommon.hlsli">
      <Filter>Shaders</Filter>
    </None>
    <None Include="Resources\json\Particles.json">
      <Filter>Game\Data</Filter>
    </None>
    <None Include="Resources\Shaders\FullScreenQuad.hlsli">
      <Filter>Shaders</Filter>
    </None>
    <None Include="Resources\Shaders\Skybox.hlsli">
      <Filter>Shaders</Filter>
    </None>
    <None Include="Resources\Shaders\ShaderConstants.hlsli" />
    <None Include="Resources\Shaders\Trail.hlsli" />
  </ItemGroup>
  <ItemGroup>
    <ResourceCompile Include="DirectXGame.rc">
      <Filter>リソース ファイル</Filter>
    </ResourceCompile>
  </ItemGroup>
  <ItemGroup>
    <FxCompile Include="Resources\Shaders\Line.PS.hlsl">
      <Filter>Shaders</Filter>
    </FxCompile>
    <FxCompile Include="Resources\Shaders\Line.VS.hlsl">
      <Filter>Shaders</Filter>
    </FxCompile>
    <FxCompile Include="Resources\Shaders\Object3D.PS.hlsl">
      <Filter>Shaders</Filter>
    </FxCompile>
    <FxCompile Include="Resources\Shaders\Object3D.VS.hlsl">
      <Filter>Shaders</Filter>
    </FxCompile>
    <FxCompile Include="Resources\Shaders\Particle.CS.hlsl">
      <Filter>Shaders</Filter>
    </FxCompile>
    <FxCompile Include="Resources\Shaders\Particle.PS.hlsl">
      <Filter>Shaders</Filter>
    </FxCompile>
    <FxCompile Include="Resources\Shaders\Particle.VS.hlsl">
      <Filter>Shaders</Filter>
    </FxCompile>
    <FxCompile Include="Resources\Shaders\BloomCombine.PS.hlsl">
      <Filter>Shaders</Filter>
    </FxCompile>
    <FxCompile Include="Resources\Shaders\FullScreenQuad.PS.hlsl">
      <Filter>Shaders</Filter>
    </FxCompile>
    <FxCompile Include="Resources\Shaders\FullScreenQuad.VS.hlsl">
      <Filter>Shaders</Filter>
    </FxCompile>
    <FxCompile Include="Resources\Shaders\BlurX.PS.hlsl">
      <Filter>Shaders</Filter>
    </FxCompile>
    <FxCompile Include="Resources\Shaders\BlurY.PS.hlsl">
      <Filter>Shaders</Filter>
    </FxCompile>
    <FxCompile Include="Resources\Shaders\BrightExtract.PS.hlsl">
      <Filter>Shaders</Filter>
    </FxCompile>
    <FxCompile Include="Resources\Shaders\Skybox.PS.hlsl">
      <Filter>Shaders</Filter>
    </FxCompile>
    <FxCompile Include="Resources\Shaders\Skybox.VS.hlsl">
      <Filter>Shaders</Filter>
    </FxCompile>
    <FxCompile Include="Resources\Shaders\SkinningObject3D.VS.hlsl" />
    <FxCompile Include="Resources\Shaders\Trail.PS.hlsl" />
    <FxCompile Include="Resources\Shaders\Trail.VS.hlsl" />
    <FxCompile Include="Resources\Shaders\Object3DOutline.PS.hlsl" />
    <FxCompile Include="Resources\Shaders\Object3DOutline.VS.hlsl" />
    <FxCompile Include="Resources\Shaders\SkinningOutline.VS.hlsl" />
    <FxCompile Include="Resources\Shaders\ShadowMap.VS.hlsl" />
    <FxCompile Include="Resources\Shaders\ShadowMapSkinning.VS.hlsl" />
    <FxCompile Include="Resources\Shaders\Sprite.VS.hlsl" />
    <FxCompile Include="Resources\Shaders\Sprite.PS.hlsl" />
    <FxCompile Include="Resources\Shaders\Downsample.PS.hlsl" />
    <FxCompile Include="Resources\Shaders\BokehBlur.PS.hlsl" />
    <FxCompile Include="Resources\Shaders\GodRay.PS.hlsl" />
    <FxCompile Include="Resources\Shaders\ShadowMap.PS.hlsl" />
    <FxCompile Include="Assets\Shaders\SSAO.PS.hlsl" />
    <FxCompile Include="Assets\Shaders\BilateralBlur.PS.hlsl" />
    <FxCompile Include="Assets\Shaders\SSR.PS.hlsl" />
    <FxCompile Include="Assets\Shaders\Grass.PS.hlsl" />
    <FxCompile Include="Assets\Shaders\Grass.VS.hlsl" />
    <FxCompile Include="Assets\Shaders\VolumetricFog.PS.hlsl" />
  </ItemGroup>
</Project>