<Project ToolsVersion="4.0" xmlns="http://schemas.microsoft.com/developer/msbuild/2003">
  <ItemGroup>
    <Filter Include="Engine">
      <UniqueIdentifier>{edfa2d36-d8c3-4209-be01-b61d5dacfaa4}</UniqueIdentifier>
    </Filter>
    <Filter Include="Engine\Audio">
      <UniqueIdentifier>{76ba1953-1425-45bc-b0d1-4cfdea3632a7}</UniqueIdentifier>
    </Filter>
    <Filter Include="Engine\Camera">
      <UniqueIdentifier>{a4e3cd81-d0ef-4bfc-aca1-e3093663d2f9}</UniqueIdentifier>
    </Filter>
    <Filter Include="Engine\Collision">
      <UniqueIdentifier>{a6e90892-dbd2-4200-8641-8da7e48babcd}</UniqueIdentifier>
    </Filter>
    <Filter Include="Engine\Core">
      <UniqueIdentifier>{30bfce6c-3e48-4cfe-b0b1-d3c832907714}</UniqueIdentifier>
    </Filter>
    <Filter Include="Engine\Debugs">
      <UniqueIdentifier>{9581ac93-8a37-4c87-8aa4-9ade717cfa93}</UniqueIdentifier>
    </Filter>
    <Filter Include="Engine\Effect">
      <UniqueIdentifier>{ff26d2f8-6d7b-4a45-a59f-55d0c7384649}</UniqueIdentifier>
    </Filter>
    <Filter Include="Engine\Framework">
      <UniqueIdentifier>{97ae232c-63ef-4627-a0a6-66bb12ed74de}</UniqueIdentifier>
    </Filter>
    <Filter Include="Engine\Graphics">
      <UniqueIdentifier>{978afa38-bdb5-4033-8e7a-4d89a981e925}</UniqueIdentifier>
    </Filter>
    <Filter Include="Engine\Graphics\Animation">
      <UniqueIdentifier>{6ce31dc3-e4f5-4e31-afb0-f84bd22d3559}</UniqueIdentifier>
    </Filter>
    <Filter Include="Engine\Graphics\Device">
      <UniqueIdentifier>{be1bc7d9-75f8-40cb-9e99-276d6d5390b3}</UniqueIdentifier>
    </Filter>
    <Filter Include="Engine\Graphics\Particle">
      <UniqueIdentifier>{2cb09d7c-c8d0-4e50-a8cf-e71b5fc34048}</UniqueIdentifier>
    </Filter>
    <Filter Include="Engine\Graphics\PostProcess">
      <UniqueIdentifier>{04965151-74cc-44f5-80cf-44c5a8cbf9fe}</UniqueIdentifier>
    </Filter>
    <Filter Include="Engine\Graphics\Renderer">
      <UniqueIdentifier>{0e41818e-de3f-4b5b-a28d-e7f7a82b9c06}</UniqueIdentifier>
    </Filter>
    <Filter Include="Engine\Graphics\RenderSystem">
      <UniqueIdentifier>{345cc2dc-173d-4a29-b8ec-859d270eda79}</UniqueIdentifier>
    </Filter>
    <Filter Include="Engine\Graphics\Resource">
      <UniqueIdentifier>{60a8ece0-31b5-48d8-8da6-81e1e46e30e8}</UniqueIdentifier>
    </Filter>
    <Filter Include="Engine\Graphics\Utility">
      <UniqueIdentifier>{213cdce1-cdd2-43d3-af54-edfdbab1b741}</UniqueIdentifier>
    </Filter>
    <Filter Include="Engine\Math">
      <UniqueIdentifier>{6b1d8205-b521-42ed-9933-f20037af77ba}</UniqueIdentifier>
    </Filter>
    <Filter Include="Engine\Math\Matrix">
      <UniqueIdentifier>{6b57e903-3366-4640-82a2-ca774eed867c}</UniqueIdentifier>
    </Filter>
    <Filter Include="Engine\Math\Utility">
      <UniqueIdentifier>{8ed97fae-4ab2-4a8f-9c02-57fe6f0af948}</UniqueIdentifier>
    </Filter>
    <Filter Include="Engine\Math\Vector">
      <UniqueIdentifier>{721d246e-683c-4b76-93b6-c56780894970}</UniqueIdentifier>
    </Filter>
    <Filter Include="Engine\Mesh">
      <UniqueIdentifier>{f746b2a1-2dde-43a3-bbaa-659f6fc2aec9}</UniqueIdentifier>
    </Filter>
    <Filter Include="Engine\Resources">
      <UniqueIdentifier>{d9f47485-5feb-4614-b2a6-d319cd4f6b85}</UniqueIdentifier>
    </Filter>
    <Filter Include="externals">
      <UniqueIdentifier>{aeea3b25-4e2a-4ec3-a8ac-201b62d074b3}</UniqueIdentifier>
    </Filter>
    <Filter Include="externals\assimp">
      <UniqueIdentifier>{8f71ff7a-aca2-4611-a79a-93927f9f51ca}</UniqueIdentifier>
    </Filter>
    <Filter Include="externals\assimp\include">
      <UniqueIdentifier>{2c6c50e1-4631-44fe-9318-65404a68eaaa}</UniqueIdentifier>
    </Filter>
    <Filter Include="externals\assimp\include\assimp">
      <UniqueIdentifier>{966a0a2e-6c76-46ef-adb9-069c43f21b16}</UniqueIdentifier>
    </Filter>
    <Filter Include="externals\assimp\include\assimp\Compiler">
      <UniqueIdentifier>{ec3737d6-4a6f-4f96-93d2-819cb0a6aec9}</UniqueIdentifier>
    </Filter>
    <Filter Include="externals\assimp\include\assimp\port">
      <UniqueIdentifier>{168f7ce7-ac65-41e0-b1fa-3c9d7328d993}</UniqueIdentifier>
    </Filter>
    <Filter Include="externals\assimp\include\assimp\port\AndroidJNI">
      <UniqueIdentifier>{0823bb57-c63c-4328-b027-0ed272b7c96d}</UniqueIdentifier>
    </Filter>
    <Filter Include="externals\DirectXTex">
      <UniqueIdentifier>{81247b90-c9a2-419b-9487-c87e4a725863}</UniqueIdentifier>
    </Filter>
    <Filter Include="externals\dirent">
      <UniqueIdentifier>{a29ba5d1-eecf-42ce-9ba0-b05abce206f0}</UniqueIdentifier>
    </Filter>
    <Filter Include="externals\imgui">
      <UniqueIdentifier>{9cb9a7c5-1535-4aa3-a126-27036ee4f54a}</UniqueIdentifier>
    </Filter>
    <Filter Include="externals\ImGuizmo">
      <UniqueIdentifier>{42996656-be2c-4b24-877f-3a741550573b}</UniqueIdentifier>
    </Filter>
    <Filter Include="externals\nlohmann">
      <UniqueIdentifier>{cb355a5a-cede-45c2-818f-c86691550bb6}</UniqueIdentifier>
    </Filter>
    <Filter Include="Game">
      <UniqueIdentifier>{f140824c-8450-4d68-b614-6862159e5e49}</UniqueIdentifier>
    </Filter>
    <Filter Include="Game\Camera">
      <UniqueIdentifier>{03121544-eede-4a92-8348-96dc29d11566}</UniqueIdentifier>
    </Filter>
    <Filter Include="Game\GameObject">
      <UniqueIdentifier>{72c40697-db59-46ae-bae5-6f30a2c2e825}</UniqueIdentifier>
    </Filter>
    <Filter Include="Game\GameObject\Character">
      <UniqueIdentifier>{313d52ac-37c6-4409-be0d-25fc7218ebb7}</UniqueIdentifier>
    </Filter>
    <Filter Include="Game\GameObject\Character\Enemy">
      <UniqueIdentifier>{8a90abbe-b91d-435d-a7c4-d414f4cc8b91}</UniqueIdentifier>
    </Filter>
    <Filter Include="Game\GameObject\Character\Player">
      <UniqueIdentifier>{801569aa-882c-4379-ab56-00b5759fc176}</UniqueIdentifier>
    </Filter>
    <Filter Include="Game\Global">
      <UniqueIdentifier>{03330fef-03a3-4fad-be42-bd896578fe75}</UniqueIdentifier>
    </Filter>
    <Filter Include="Game\Map">
      <UniqueIdentifier>{4728fe83-110b-4068-b688-e77f56d5f022}</UniqueIdentifier>
    </Filter>
    <Filter Include="Game\Scene">
      <UniqueIdentifier>{a90b1d67-f411-46fb-b43c-36a8367edc66}</UniqueIdentifier>
    </Filter>
    <Filter Include="Game\Scene\TestScene">
      <UniqueIdentifier>{b7f04123-9706-4c16-8e28-6eaa880a5f6b}</UniqueIdentifier>
    </Filter>
  </ItemGroup>
  <ItemGroup>
    <ClCompile Include="main.cpp" />
    <ClInclude Include="resource.h" />
    <ClCompile Include="Engine\Engine.cpp">
      <Filter>Engine</Filter>
    </ClCompile>
    <ClInclude Include="Engine\Engine.h">
      <Filter>Engine</Filter>
    </ClInclude>
    <ClInclude Include="Engine\Audio\AudioDefinition.h">
      <Filter>Engine\Audio</Filter>
    </ClInclude>
    <ClCompile Include="Engine\Audio\AudioDevice.cpp">
      <Filter>Engine\Audio</Filter>
    </ClCompile>
    <ClInclude Include="Engine\Audio\AudioDevice.h">
      <Filter>Engine\Audio</Filter>
    </ClInclude>
    <ClCompile Include="Engine\Audio\AudioPlayer.cpp">
      <Filter>Engine\Audio</Filter>
    </ClCompile>
    <ClInclude Include="Engine\Audio\AudioPlayer.h">
      <Filter>Engine\Audio</Filter>
    </ClInclude>
    <ClCompile Include="Engine\Audio\MediaAudioDecoder.cpp">
      <Filter>Engine\Audio</Filter>
    </ClCompile>
    <ClInclude Include="Engine\Audio\MediaAudioDecoder.h">
      <Filter>Engine\Audio</Filter>
    </ClInclude>
    <ClCompile Include="Engine\Camera\Camera.cpp">
      <Filter>Engine\Camera</Filter>
    </ClCompile>
    <ClInclude Include="Engine\Camera\Camera.h">
      <Filter>Engine\Camera</Filter>
    </ClInclude>
    <ClCompile Include="Engine\Camera\DebugCamera.cpp">
      <Filter>Engine\Camera</Filter>
    </ClCompile>
    <ClInclude Include="Engine\Camera\DebugCamera.h">
      <Filter>Engine\Camera</Filter>
    </ClInclude>
    <ClCompile Include="Engine\Collision\Collider.cpp">
      <Filter>Engine\Collision</Filter>
    </ClCompile>
    <ClInclude Include="Engine\Collision\Collider.h">
      <Filter>Engine\Collision</Filter>
    </ClInclude>
    <ClCompile Include="Engine\Collision\Collision.cpp">
      <Filter>Engine\Collision</Filter>
    </ClCompile>
    <ClInclude Include="Engine\Collision\Collision.h">
      <Filter>Engine\Collision</Filter>
    </ClInclude>
    <ClCompile Include="Engine\Collision\CollisionManager.cpp">
      <Filter>Engine\Collision</Filter>
    </ClCompile>
    <ClInclude Include="Engine\Collision\CollisionManager.h">
      <Filter>Engine\Collision</Filter>
    </ClInclude>
    <ClCompile Include="Engine\Core\FrameLimiter.cpp">
      <Filter>Engine\Core</Filter>
    </ClCompile>
    <ClInclude Include="Engine\Core\FrameLimiter.h">
      <Filter>Engine\Core</Filter>
    </ClInclude>
    <ClCompile Include="Engine\Core\GlobalVariables.cpp">
      <Filter>Engine\Core</Filter>
    </ClCompile>
    <ClInclude Include="Engine\Core\GlobalVariables.h">
      <Filter>Engine\Core</Filter>
    </ClInclude>
    <ClCompile Include="Engine\Core\Input.cpp">
      <Filter>Engine\Core</Filter>
    </ClCompile>
    <ClInclude Include="Engine\Core\Input.h">
      <Filter>Engine\Core</Filter>
    </ClInclude>
    <ClCompile Include="Engine\Core\pch.cpp">
      <Filter>Engine\Core</Filter>
    </ClCompile>
    <ClInclude Include="Engine\Core\pch.h">
      <Filter>Engine\Core</Filter>
    </ClInclude>
    <ClInclude Include="Engine\Core\ProjectConfig.h">
      <Filter>Engine\Core</Filter>
    </ClInclude>
    <ClCompile Include="Engine\Core\StringUtils.cpp">
      <Filter>Engine\Core</Filter>
    </ClCompile>
    <ClInclude Include="Engine\Core\StringUtils.h">
      <Filter>Engine\Core</Filter>
    </ClInclude>
    <ClCompile Include="Engine\Core\TimeManager.cpp">
      <Filter>Engine\Core</Filter>
    </ClCompile>
    <ClInclude Include="Engine\Core\TimeManager.h">
      <Filter>Engine\Core</Filter>
    </ClInclude>
    <ClCompile Include="Engine\Core\Window.cpp">
      <Filter>Engine\Core</Filter>
    </ClCompile>
    <ClInclude Include="Engine\Core\Window.h">
      <Filter>Engine\Core</Filter>
    </ClInclude>
    <ClCompile Include="Engine\Debugs\DebugDraw.cpp">
      <Filter>Engine\Debugs</Filter>
    </ClCompile>
    <ClInclude Include="Engine\Debugs\DebugDraw.h">
      <Filter>Engine\Debugs</Filter>
    </ClInclude>
    <ClCompile Include="Engine\Debugs\DebugGuiManager.cpp">
      <Filter>Engine\Debugs</Filter>
    </ClCompile>
    <ClInclude Include="Engine\Debugs\DebugGuiManager.h">
      <Filter>Engine\Debugs</Filter>
    </ClInclude>
    <ClCompile Include="Engine\Debugs\DebugLayerManager.cpp">
      <Filter>Engine\Debugs</Filter>
    </ClCompile>
    <ClInclude Include="Engine\Debugs\DebugLayerManager.h">
      <Filter>Engine\Debugs</Filter>
    </ClInclude>
    <ClCompile Include="Engine\Debugs\DebugUtils.cpp">
      <Filter>Engine\Debugs</Filter>
    </ClCompile>
    <ClInclude Include="Engine\Debugs\DebugUtils.h">
      <Filter>Engine\Debugs</Filter>
    </ClInclude>
    <ClCompile Include="Engine\Debugs\ImGuiManager.cpp">
      <Filter>Engine\Debugs</Filter>
    </ClCompile>
    <ClInclude Include="Engine\Debugs\ImGuiManager.h">
      <Filter>Engine\Debugs</Filter>
    </ClInclude>
    <ClCompile Include="Engine\Debugs\Logger.cpp">
      <Filter>Engine\Debugs</Filter>
    </ClCompile>
    <ClInclude Include="Engine\Debugs\Logger.h">
      <Filter>Engine\Debugs</Filter>
    </ClInclude>
    <ClInclude Include="Engine\Debugs\PropertyBinder.h">
      <Filter>Engine\Debugs</Filter>
    </ClInclude>
    <ClCompile Include="Engine\Debugs\PropertyBinderObject.cpp">
      <Filter>Engine\Debugs</Filter>
    </ClCompile>
    <ClCompile Include="Engine\Effect\ShakeEffect.cpp">
      <Filter>Engine\Effect</Filter>
    </ClCompile>
    <ClInclude Include="Engine\Effect\ShakeEffect.h">
      <Filter>Engine\Effect</Filter>
    </ClInclude>
    <ClInclude Include="Engine\Framework\BaseScene.h">
      <Filter>Engine\Framework</Filter>
    </ClInclude>
    <ClCompile Include="Engine\Framework\Fade.cpp">
      <Filter>Engine\Framework</Filter>
    </ClCompile>
    <ClInclude Include="Engine\Framework\Fade.h">
      <Filter>Engine\Framework</Filter>
    </ClInclude>
    <ClCompile Include="Engine\Framework\FadeInState.cpp">
      <Filter>Engine\Framework</Filter>
    </ClCompile>
    <ClInclude Include="Engine\Framework\FadeInState.h">
      <Filter>Engine\Framework</Filter>
    </ClInclude>
    <ClCompile Include="Engine\Framework\FadeOutState.cpp">
      <Filter>Engine\Framework</Filter>
    </ClCompile>
    <ClInclude Include="Engine\Framework\FadeOutState.h">
      <Filter>Engine\Framework</Filter>
    </ClInclude>
    <ClCompile Include="Engine\Framework\GameObject.cpp">
      <Filter>Engine\Framework</Filter>
    </ClCompile>
    <ClInclude Include="Engine\Framework\GameObject.h">
      <Filter>Engine\Framework</Filter>
    </ClInclude>
    <ClCompile Include="Engine\Framework\GameObjectManager.cpp">
      <Filter>Engine\Framework</Filter>
    </ClCompile>
    <ClInclude Include="Engine\Framework\GameObjectManager.h">
      <Filter>Engine\Framework</Filter>
    </ClInclude>
    <ClInclude Include="Engine\Framework\ISceneTransitionState.h">
      <Filter>Engine\Framework</Filter>
    </ClInclude>
    <ClCompile Include="Engine\Framework\NormalState.cpp">
      <Filter>Engine\Framework</Filter>
    </ClCompile>
    <ClInclude Include="Engine\Framework\NormalState.h">
      <Filter>Engine\Framework</Filter>
    </ClInclude>
    <ClCompile Include="Engine\Framework\SceneManager.cpp">
      <Filter>Engine\Framework</Filter>
    </ClCompile>
    <ClInclude Include="Engine\Framework\SceneManager.h">
      <Filter>Engine\Framework</Filter>
    </ClInclude>
    <ClCompile Include="Engine\Graphics\Animation\AnimationData.cpp">
      <Filter>Engine\Graphics\Animation</Filter>
    </ClCompile>
    <ClInclude Include="Engine\Graphics\Animation\AnimationData.h">
      <Filter>Engine\Graphics\Animation</Filter>
    </ClInclude>
    <ClCompile Include="Engine\Graphics\Animation\AnimationLoader.cpp">
      <Filter>Engine\Graphics\Animation</Filter>
    </ClCompile>
    <ClInclude Include="Engine\Graphics\Animation\AnimationLoader.h">
      <Filter>Engine\Graphics\Animation</Filter>
    </ClInclude>
    <ClCompile Include="Engine\Graphics\Animation\AnimationModel.cpp">
      <Filter>Engine\Graphics\Animation</Filter>
    </ClCompile>
    <ClInclude Include="Engine\Graphics\Animation\AnimationModel.h">
      <Filter>Engine\Graphics\Animation</Filter>
    </ClInclude>
    <ClCompile Include="Engine\Graphics\Device\CommandManager.cpp">
      <Filter>Engine\Graphics\Device</Filter>
    </ClCompile>
    <ClInclude Include="Engine\Graphics\Device\CommandManager.h">
      <Filter>Engine\Graphics\Device</Filter>
    </ClInclude>
    <ClCompile Include="Engine\Graphics\Device\DescriptorHeapManager.cpp">
      <Filter>Engine\Graphics\Device</Filter>
    </ClCompile>
    <ClInclude Include="Engine\Graphics\Device\DescriptorHeapManager.h">
      <Filter>Engine\Graphics\Device</Filter>
    </ClInclude>
    <ClCompile Include="Engine\Graphics\Device\GraphicsDevice.cpp">
      <Filter>Engine\Graphics\Device</Filter>
    </ClCompile>
    <ClInclude Include="Engine\Graphics\Device\GraphicsDevice.h">
      <Filter>Engine\Graphics\Device</Filter>
    </ClInclude>
    <ClCompile Include="Engine\Graphics\Device\SwapChain.cpp">
      <Filter>Engine\Graphics\Device</Filter>
    </ClCompile>
    <ClInclude Include="Engine\Graphics\Device\SwapChain.h">
      <Filter>Engine\Graphics\Device</Filter>
    </ClInclude>
    <ClCompile Include="Engine\Graphics\Particle\ParticleConfigManager.cpp">
      <Filter>Engine\Graphics\Particle</Filter>
    </ClCompile>
    <ClInclude Include="Engine\Graphics\Particle\ParticleConfigManager.h">
      <Filter>Engine\Graphics\Particle</Filter>
    </ClInclude>
    <ClCompile Include="Engine\Graphics\Particle\ParticleDefinition.cpp">
      <Filter>Engine\Graphics\Particle</Filter>
    </ClCompile>
    <ClInclude Include="Engine\Graphics\Particle\ParticleDefinition.h">
      <Filter>Engine\Graphics\Particle</Filter>
    </ClInclude>
    <ClCompile Include="Engine\Graphics\Particle\ParticleEditor.cpp">
      <Filter>Engine\Graphics\Particle</Filter>
    </ClCompile>
    <ClInclude Include="Engine\Graphics\Particle\ParticleEditor.h">
      <Filter>Engine\Graphics\Particle</Filter>
    </ClInclude>
    <ClCompile Include="Engine\Graphics\Particle\ParticleEmitter.cpp">
      <Filter>Engine\Graphics\Particle</Filter>
    </ClCompile>
    <ClInclude Include="Engine\Graphics\Particle\ParticleEmitter.h">
      <Filter>Engine\Graphics\Particle</Filter>
    </ClInclude>
    <ClCompile Include="Engine\Graphics\Particle\ParticleSystem.cpp">
      <Filter>Engine\Graphics\Particle</Filter>
    </ClCompile>
    <ClInclude Include="Engine\Graphics\Particle\ParticleSystem.h">
      <Filter>Engine\Graphics\Particle</Filter>
    </ClInclude>
    <ClCompile Include="Engine\Graphics\PostProcess\BilateralBlurPass.cpp">
      <Filter>Engine\Graphics\PostProcess</Filter>
    </ClCompile>
    <ClInclude Include="Engine\Graphics\PostProcess\BilateralBlurPass.h">
      <Filter>Engine\Graphics\PostProcess</Filter>
    </ClInclude>
    <ClCompile Include="Engine\Graphics\PostProcess\FinalCompositePass.cpp">
      <Filter>Engine\Graphics\PostProcess</Filter>
    </ClCompile>
    <ClInclude Include="Engine\Graphics\PostProcess\FinalCompositePass.h">
      <Filter>Engine\Graphics\PostProcess</Filter>
    </ClInclude>
    <ClCompile Include="Engine\Graphics\PostProcess\BlurPass.cpp">
      <Filter>Engine\Graphics\PostProcess</Filter>
    </ClCompile>
    <ClInclude Include="Engine\Graphics\PostProcess\BlurPass.h">
      <Filter>Engine\Graphics\PostProcess</Filter>
    </ClInclude>
    <ClCompile Include="Engine\Graphics\PostProcess\DoFPass.cpp">
      <Filter>Engine\Graphics\PostProcess</Filter>
    </ClCompile>
    <ClInclude Include="Engine\Graphics\PostProcess\DoFPass.h">
      <Filter>Engine\Graphics\PostProcess</Filter>
    </ClInclude>
    <ClCompile Include="Engine\Graphics\PostProcess\BrightExtractPass.cpp">
      <Filter>Engine\Graphics\PostProcess</Filter>
    </ClCompile>
    <ClInclude Include="Engine\Graphics\PostProcess\BrightExtractPass.h">
      <Filter>Engine\Graphics\PostProcess</Filter>
    </ClInclude>
    <ClCompile Include="Engine\Graphics\PostProcess\DownsamplePass.cpp">
      <Filter>Engine\Graphics\PostProcess</Filter>
    </ClCompile>
    <ClInclude Include="Engine\Graphics\PostProcess\DownsamplePass.h">
      <Filter>Engine\Graphics\PostProcess</Filter>
    </ClInclude>
    <ClCompile Include="Engine\Graphics\PostProcess\IPostEffect.cpp">
      <Filter>Engine\Graphics\PostProcess</Filter>
    </ClCompile>
    <ClInclude Include="Engine\Graphics\PostProcess\IPostEffect.h">
      <Filter>Engine\Graphics\PostProcess</Filter>
    </ClInclude>
    <ClCompile Include="Engine\Graphics\PostProcess\PostEffectManager.cpp">
      <Filter>Engine\Graphics\PostProcess</Filter>
    </ClCompile>
    <ClInclude Include="Engine\Graphics\PostProcess\PostEffectManager.h">
      <Filter>Engine\Graphics\PostProcess</Filter>
    </ClInclude>
    <ClCompile Include="Engine\Graphics\PostProcess\SSAOPass.cpp">
      <Filter>Engine\Graphics\PostProcess</Filter>
    </ClCompile>
    <ClInclude Include="Engine\Graphics\PostProcess\SSAOPass.h">
      <Filter>Engine\Graphics\PostProcess</Filter>
    </ClInclude>
    <ClCompile Include="Engine\Graphics\PostProcess\SSRPass.cpp">
      <Filter>Engine\Graphics\PostProcess</Filter>
    </ClCompile>
    <ClInclude Include="Engine\Graphics\PostProcess\SSRPass.h">
      <Filter>Engine\Graphics\PostProcess</Filter>
    </ClInclude>
    <ClCompile Include="Engine\Graphics\Renderer\GrassRenderer.cpp">
      <Filter>Engine\Graphics\Renderer</Filter>
    </ClCompile>
    <ClInclude Include="Engine\Graphics\Renderer\GrassRenderer.h">
      <Filter>Engine\Graphics\Renderer</Filter>
    </ClInclude>
    <ClCompile Include="Engine\Graphics\Renderer\LineRenderer.cpp">
      <Filter>Engine\Graphics\Renderer</Filter>
    </ClCompile>
    <ClInclude Include="Engine\Graphics\Renderer\LineRenderer.h">
      <Filter>Engine\Graphics\Renderer</Filter>
    </ClInclude>
    <ClCompile Include="Engine\Graphics\Renderer\ModelRenderer.cpp">
      <Filter>Engine\Graphics\Renderer</Filter>
    </ClCompile>
    <ClInclude Include="Engine\Graphics\Renderer\ModelRenderer.h">
      <Filter>Engine\Graphics\Renderer</Filter>
    </ClInclude>
    <ClCompile Include="Engine\Graphics\Renderer\ParticleRenderer.cpp">
      <Filter>Engine\Graphics\Renderer</Filter>
    </ClCompile>
    <ClInclude Include="Engine\Graphics\Renderer\ParticleRenderer.h">
      <Filter>Engine\Graphics\Renderer</Filter>
    </ClInclude>
    <ClInclude Include="Engine\Graphics\Renderer\RenderEnvironment.h">
      <Filter>Engine\Graphics\Renderer</Filter>
    </ClInclude>
    <ClCompile Include="Engine\Graphics\Renderer\RendererManager.cpp">
      <Filter>Engine\Graphics\Renderer</Filter>
    </ClCompile>
    <ClInclude Include="Engine\Graphics\Renderer\RendererManager.h">
      <Filter>Engine\Graphics\Renderer</Filter>
    </ClInclude>
    <ClCompile Include="Engine\Graphics\Renderer\SkyboxRenderer.cpp">
      <Filter>Engine\Graphics\Renderer</Filter>
    </ClCompile>
    <ClInclude Include="Engine\Graphics\Renderer\SkyboxRenderer.h">
      <Filter>Engine\Graphics\Renderer</Filter>
    </ClInclude>
    <ClCompile Include="Engine\Graphics\Renderer\SpriteRenderer.cpp">
      <Filter>Engine\Graphics\Renderer</Filter>
    </ClCompile>
    <ClInclude Include="Engine\Graphics\Renderer\SpriteRenderer.h">
      <Filter>Engine\Graphics\Renderer</Filter>
    </ClInclude>
    <ClCompile Include="Engine\Graphics\Renderer\TrailRenderer.cpp">
      <Filter>Engine\Graphics\Renderer</Filter>
    </ClCompile>
    <ClInclude Include="Engine\Graphics\Renderer\TrailRenderer.h">
      <Filter>Engine\Graphics\Renderer</Filter>
    </ClInclude>
    <ClCompile Include="Engine\Graphics\RenderSystem\GrassSystem.cpp">
      <Filter>Engine\Graphics\RenderSystem</Filter>
    </ClCompile>
    <ClInclude Include="Engine\Graphics\RenderSystem\GrassSystem.h">
      <Filter>Engine\Graphics\RenderSystem</Filter>
    </ClInclude>
    <ClCompile Include="Engine\Graphics\RenderSystem\LightManager.cpp">
      <Filter>Engine\Graphics\RenderSystem</Filter>
    </ClCompile>
    <ClInclude Include="Engine\Graphics\RenderSystem\LightManager.h">
      <Filter>Engine\Graphics\RenderSystem</Filter>
    </ClInclude>
    <ClCompile Include="Engine\Graphics\RenderSystem\Line.cpp">
      <Filter>Engine\Graphics\RenderSystem</Filter>
    </ClCompile>
    <ClInclude Include="Engine\Graphics\RenderSystem\Line.h">
      <Filter>Engine\Graphics\RenderSystem</Filter>
    </ClInclude>
    <ClCompile Include="Engine\Graphics\RenderSystem\Model.cpp">
      <Filter>Engine\Graphics\RenderSystem</Filter>
    </ClCompile>
    <ClInclude Include="Engine\Graphics\RenderSystem\Model.h">
      <Filter>Engine\Graphics\RenderSystem</Filter>
    </ClInclude>
    <ClCompile Include="Engine\Graphics\RenderSystem\PSOManager.cpp">
      <Filter>Engine\Graphics\RenderSystem</Filter>
    </ClCompile>
    <ClInclude Include="Engine\Graphics\RenderSystem\PSOManager.h">
      <Filter>Engine\Graphics\RenderSystem</Filter>
    </ClInclude>
    <ClInclude Include="Engine\Graphics\RenderSystem\RenderCommon.h">
      <Filter>Engine\Graphics\RenderSystem</Filter>
    </ClInclude>
    <ClCompile Include="Engine\Graphics\RenderSystem\RenderCoordinator.cpp">
      <Filter>Engine\Graphics\RenderSystem</Filter>
    </ClCompile>
    <ClInclude Include="Engine\Graphics\RenderSystem\RenderCoordinator.h">
      <Filter>Engine\Graphics\RenderSystem</Filter>
    </ClInclude>
    <ClCompile Include="Engine\Graphics\RenderSystem\RenderPipeline.cpp">
      <Filter>Engine\Graphics\RenderSystem</Filter>
    </ClCompile>
    <ClInclude Include="Engine\Graphics\RenderSystem\RenderPipeline.h">
      <Filter>Engine\Graphics\RenderSystem</Filter>
    </ClInclude>
    <ClCompile Include="Engine\Graphics\RenderSystem\RootSignatureBuilder.cpp">
      <Filter>Engine\Graphics\RenderSystem</Filter>
    </ClCompile>
    <ClInclude Include="Engine\Graphics\RenderSystem\RootSignatureBuilder.h">
      <Filter>Engine\Graphics\RenderSystem</Filter>
    </ClInclude>
    <ClCompile Include="Engine\Graphics\RenderSystem\RootSignatureManager.cpp">
      <Filter>Engine\Graphics\RenderSystem</Filter>
    </ClCompile>
    <ClInclude Include="Engine\Graphics\RenderSystem\RootSignatureManager.h">
      <Filter>Engine\Graphics\RenderSystem</Filter>
    </ClInclude>
    <ClCompile Include="Engine\Graphics\RenderSystem\Skybox.cpp">
      <Filter>Engine\Graphics\RenderSystem</Filter>
    </ClCompile>
    <ClInclude Include="Engine\Graphics\RenderSystem\Skybox.h">
      <Filter>Engine\Graphics\RenderSystem</Filter>
    </ClInclude>
    <ClCompile Include="Engine\Graphics\RenderSystem\Sprite.cpp">
      <Filter>Engine\Graphics\RenderSystem</Filter>
    </ClCompile>
    <ClInclude Include="Engine\Graphics\RenderSystem\Sprite.h">
      <Filter>Engine\Graphics\RenderSystem</Filter>
    </ClInclude>
    <ClCompile Include="Engine\Graphics\Resource\DSVManager.cpp">
      <Filter>Engine\Graphics\Resource</Filter>
    </ClCompile>
    <ClInclude Include="Engine\Graphics\Resource\DSVManager.h">
      <Filter>Engine\Graphics\Resource</Filter>
    </ClInclude>
    <ClCompile Include="Engine\Graphics\Resource\GlobalConstants.cpp">
      <Filter>Engine\Graphics\Resource</Filter>
    </ClCompile>
    <ClInclude Include="Engine\Graphics\Resource\GlobalConstants.h">
      <Filter>Engine\Graphics\Resource</Filter>
    </ClInclude>
    <ClCompile Include="Engine\Graphics\Resource\MaterialManager.cpp">
      <Filter>Engine\Graphics\Resource</Filter>
    </ClCompile>
    <ClInclude Include="Engine\Graphics\Resource\MaterialManager.h">
      <Filter>Engine\Graphics\Resource</Filter>
    </ClInclude>
    <ClCompile Include="Engine\Graphics\Resource\RTVManager.cpp">
      <Filter>Engine\Graphics\Resource</Filter>
    </ClCompile>
    <ClInclude Include="Engine\Graphics\Resource\RTVManager.h">
      <Filter>Engine\Graphics\Resource</Filter>
    </ClInclude>
    <ClCompile Include="Engine\Graphics\Resource\ShaderManager.cpp">
      <Filter>Engine\Graphics\Resource</Filter>
    </ClCompile>
    <ClInclude Include="Engine\Graphics\Resource\ShaderManager.h">
      <Filter>Engine\Graphics\Resource</Filter>
    </ClInclude>
    <ClCompile Include="Engine\Graphics\Resource\ShadowMap.cpp">
      <Filter>Engine\Graphics\Resource</Filter>
    </ClCompile>
    <ClInclude Include="Engine\Graphics\Resource\ShadowMap.h">
      <Filter>Engine\Graphics\Resource</Filter>
    </ClInclude>
    <ClInclude Include="Engine\Graphics\Resource\SRVAllocator.h">
      <Filter>Engine\Graphics\Resource</Filter>
    </ClInclude>
    <ClCompile Include="Engine\Graphics\Resource\SRVManager.cpp">
      <Filter>Engine\Graphics\Resource</Filter>
    </ClCompile>
    <ClInclude Include="Engine\Graphics\Resource\SRVManager.h">
      <Filter>Engine\Graphics\Resource</Filter>
    </ClInclude>
    <ClInclude Include="Engine\Graphics\Resource\Structures.h">
      <Filter>Engine\Graphics\Resource</Filter>
    </ClInclude>
    <ClCompile Include="Engine\Graphics\Resource\TextureLoader.cpp">
      <Filter>Engine\Graphics\Resource</Filter>
    </ClCompile>
    <ClInclude Include="Engine\Graphics\Resource\TextureLoader.h">
      <Filter>Engine\Graphics\Resource</Filter>
    </ClInclude>
    <ClCompile Include="Engine\Graphics\Utility\BlendMode.cpp">
      <Filter>Engine\Graphics\Utility</Filter>
    </ClCompile>
    <ClInclude Include="Engine\Graphics\Utility\BlendMode.h">
      <Filter>Engine\Graphics\Utility</Filter>
    </ClInclude>
    <ClCompile Include="Engine\Graphics\Utility\BufferManager.cpp">
      <Filter>Engine\Graphics\Utility</Filter>
    </ClCompile>
    <ClInclude Include="Engine\Graphics\Utility\BufferManager.h">
      <Filter>Engine\Graphics\Utility</Filter>
    </ClInclude>
    <ClCompile Include="Engine\Graphics\Utility\RenderContext.cpp">
      <Filter>Engine\Graphics\Utility</Filter>
    </ClCompile>
    <ClInclude Include="Engine\Graphics\Utility\RenderContext.h">
      <Filter>Engine\Graphics\Utility</Filter>
    </ClInclude>
    <ClCompile Include="Engine\Graphics\Utility\ShapeGenerator.cpp">
      <Filter>Engine\Graphics\Utility</Filter>
    </ClCompile>
    <ClInclude Include="Engine\Graphics\Utility\ShapeGenerator.h">
      <Filter>Engine\Graphics\Utility</Filter>
    </ClInclude>
    <ClCompile Include="Engine\Math\Easing.cpp">
      <Filter>Engine\Math</Filter>
    </ClCompile>
    <ClInclude Include="Engine\Math\Easing.h">
      <Filter>Engine\Math</Filter>
    </ClInclude>
    <ClCompile Include="Engine\Math\Quaternion.cpp">
      <Filter>Engine\Math</Filter>
    </ClCompile>
    <ClInclude Include="Engine\Math\Quaternion.h">
      <Filter>Engine\Math</Filter>
    </ClInclude>
    <ClInclude Include="Engine\Math\Tween.h">
      <Filter>Engine\Math</Filter>
    </ClInclude>
    <ClCompile Include="Engine\Math\WorldTransform.cpp">
      <Filter>Engine\Math</Filter>
    </ClCompile>
    <ClInclude Include="Engine\Math\WorldTransform.h">
      <Filter>Engine\Math</Filter>
    </ClInclude>
    <ClInclude Include="Engine\Math\Matrix\Matrix.h">
      <Filter>Engine\Math\Matrix</Filter>
    </ClInclude>
    <ClCompile Include="Engine\Math\Matrix\Matrix3x3.cpp">
      <Filter>Engine\Math\Matrix</Filter>
    </ClCompile>
    <ClInclude Include="Engine\Math\Matrix\Matrix3x3.h">
      <Filter>Engine\Math\Matrix</Filter>
    </ClInclude>
    <ClCompile Include="Engine\Math\Matrix\Matrix4x4.cpp">
      <Filter>Engine\Math\Matrix</Filter>
    </ClCompile>
    <ClInclude Include="Engine\Math\Matrix\Matrix4x4.h">
      <Filter>Engine\Math\Matrix</Filter>
    </ClInclude>
    <ClCompile Include="Engine\Math\Utility\MathUtils.cpp">
      <Filter>Engine\Math\Utility</Filter>
    </ClCompile>
    <ClInclude Include="Engine\Math\Utility\MathUtils.h">
      <Filter>Engine\Math\Utility</Filter>
    </ClInclude>
    <ClInclude Include="Engine\Math\Vector\Vector.h">
      <Filter>Engine\Math\Vector</Filter>
    </ClInclude>
    <ClCompile Include="Engine\Math\Vector\Vector2.cpp">
      <Filter>Engine\Math\Vector</Filter>
    </ClCompile>
    <ClInclude Include="Engine\Math\Vector\Vector2.h">
      <Filter>Engine\Math\Vector</Filter>
    </ClInclude>
    <ClCompile Include="Engine\Math\Vector\Vector3.cpp">
      <Filter>Engine\Math\Vector</Filter>
    </ClCompile>
    <ClInclude Include="Engine\Math\Vector\Vector3.h">
      <Filter>Engine\Math\Vector</Filter>
    </ClInclude>
    <ClCompile Include="Engine\Math\Vector\Vector4.cpp">
      <Filter>Engine\Math\Vector</Filter>
    </ClCompile>
    <ClInclude Include="Engine\Math\Vector\Vector4.h">
      <Filter>Engine\Math\Vector</Filter>
    </ClInclude>
    <ClCompile Include="Engine\Mesh\Mesh.cpp">
      <Filter>Engine\Mesh</Filter>
    </ClCompile>
    <ClInclude Include="Engine\Mesh\Mesh.h">
      <Filter>Engine\Mesh</Filter>
    </ClInclude>
    <ClCompile Include="Engine\Mesh\ModelLoader.cpp">
      <Filter>Engine\Mesh</Filter>
    </ClCompile>
    <ClInclude Include="Engine\Mesh\ModelLoader.h">
      <Filter>Engine\Mesh</Filter>
    </ClInclude>
    <ClCompile Include="Engine\Resources\AnimationManager.cpp">
      <Filter>Engine\Resources</Filter>
    </ClCompile>
    <ClInclude Include="Engine\Resources\AnimationManager.h">
      <Filter>Engine\Resources</Filter>
    </ClInclude>
    <ClCompile Include="Engine\Resources\AudioManager.cpp">
      <Filter>Engine\Resources</Filter>
    </ClCompile>
    <ClInclude Include="Engine\Resources\AudioManager.h">
      <Filter>Engine\Resources</Filter>
    </ClInclude>
    <ClCompile Include="Engine\Resources\ModelManager.cpp">
      <Filter>Engine\Resources</Filter>
    </ClCompile>
    <ClInclude Include="Engine\Resources\ModelManager.h">
      <Filter>Engine\Resources</Filter>
    </ClInclude>
    <ClCompile Include="Engine\Resources\TextureManager.cpp">
      <Filter>Engine\Resources</Filter>
    </ClCompile>
    <ClInclude Include="Engine\Resources\TextureManager.h">
      <Filter>Engine\Resources</Filter>
    </ClInclude>
    <ClCompile Include="externals\ImGuiFileDialog.cpp">
      <Filter>externals</Filter>
    </ClCompile>
    <ClInclude Include="externals\ImGuiFileDialogConfig.h">
      <Filter>externals</Filter>
    </ClInclude>
    <ClInclude Include="externals\imgui\imconfig.h">
      <Filter>externals\imgui</Filter>
    </ClInclude>
    <ClCompile Include="externals\imgui\imgui.cpp">
      <Filter>externals\imgui</Filter>
    </ClCompile>
    <ClInclude Include="externals\imgui\imgui.h">
      <Filter>externals\imgui</Filter>
    </ClInclude>
    <ClCompile Include="externals\imgui\imgui_demo.cpp">
      <Filter>externals\imgui</Filter>
    </ClCompile>
    <ClCompile Include="externals\imgui\imgui_draw.cpp">
      <Filter>externals\imgui</Filter>
    </ClCompile>
    <ClCompile Include="externals\imgui\imgui_impl_dx12.cpp">
      <Filter>externals\imgui</Filter>
    </ClCompile>
    <ClInclude Include="externals\imgui\imgui_impl_dx12.h">
      <Filter>externals\imgui</Filter>
    </ClInclude>
    <ClCompile Include="externals\imgui\imgui_impl_win32.cpp">
      <Filter>externals\imgui</Filter>
    </ClCompile>
    <ClInclude Include="externals\imgui\imgui_impl_win32.h">
      <Filter>externals\imgui</Filter>
    </ClInclude>
    <ClCompile Include="externals\imgui\imgui_tables.cpp">
      <Filter>externals\imgui</Filter>
    </ClCompile>
    <ClCompile Include="externals\imgui\imgui_widgets.cpp">
      <Filter>externals\imgui</Filter>
    </ClCompile>
    <ClInclude Include="externals\imgui\imstb_rectpack.h">
      <Filter>externals\imgui</Filter>
    </ClInclude>
    <ClInclude Include="externals\imgui\imstb_textedit.h">
      <Filter>externals\imgui</Filter>
    </ClInclude>
    <ClInclude Include="externals\imgui\imstb_truetype.h">
      <Filter>externals\imgui</Filter>
    </ClInclude>
    <ClCompile Include="externals\ImGuizmo\ImGuizmo.cpp">
      <Filter>externals\ImGuizmo</Filter>
    </ClCompile>
    <ClInclude Include="externals\ImGuizmo\ImGuizmo.h">
      <Filter>externals\ImGuizmo</Filter>
    </ClInclude>
    <ClCompile Include="Game\Game.cpp">
      <Filter>Game</Filter>
    </ClCompile>
    <ClInclude Include="Game\Game.h">
      <Filter>Game</Filter>
    </ClInclude>
    <ClCompile Include="Game\Camera\FollowCamera.cpp">
      <Filter>Game\Camera</Filter>
    </ClCompile>
    <ClInclude Include="Game\Camera\FollowCamera.h">
      <Filter>Game\Camera</Filter>
    </ClInclude>
    <ClCompile Include="Game\GameObject\Bubble.cpp">
      <Filter>Game\GameObject</Filter>
    </ClCompile>
    <ClInclude Include="Game\GameObject\Bubble.h">
      <Filter>Game\GameObject</Filter>
    </ClInclude>
    <ClCompile Include="Game\GameObject\GrassField.cpp">
      <Filter>Game\GameObject</Filter>
    </ClCompile>
    <ClInclude Include="Game\GameObject\GrassField.h">
      <Filter>Game\GameObject</Filter>
    </ClInclude>
    <ClCompile Include="Game\GameObject\Grid.cpp">
      <Filter>Game\GameObject</Filter>
    </ClCompile>
    <ClInclude Include="Game\GameObject\Grid.h">
      <Filter>Game\GameObject</Filter>
    </ClInclude>
    <ClCompile Include="Game\GameObject\Ground.cpp">
      <Filter>Game\GameObject</Filter>
    </ClCompile>
    <ClInclude Include="Game\GameObject\Ground.h">
      <Filter>Game\GameObject</Filter>
    </ClInclude>
    <ClCompile Include="Game\GameObject\ParticleSystemWrapper.cpp">
      <Filter>Game\GameObject</Filter>
    </ClCompile>
    <ClInclude Include="Game\GameObject\ParticleSystemWrapper.h">
      <Filter>Game\GameObject</Filter>
    </ClInclude>
    <ClCompile Include="Game\GameObject\Character\Player\Player.cpp">
      <Filter>Game\GameObject\Character\Player</Filter>
    </ClCompile>
    <ClInclude Include="Game\GameObject\Character\Player\Player.h">
      <Filter>Game\GameObject\Character\Player</Filter>
    </ClInclude>
    <ClInclude Include="Game\Global\CollisionConfig.h">
      <Filter>Game\Global</Filter>
    </ClInclude>
    <ClCompile Include="Game\Scene\PlayScene.cpp">
      <Filter>Game\Scene</Filter>
    </ClCompile>
    <ClInclude Include="Game\Scene\PlayScene.h">
      <Filter>Game\Scene</Filter>
    </ClInclude>
    <ClCompile Include="Game\Scene\TitleScene.cpp">
      <Filter>Game\Scene</Filter>
    </ClCompile>
    <ClInclude Include="Game\Scene\TitleScene.h">
      <Filter>Game\Scene</Filter>
    </ClInclude>
    <ClCompile Include="Game\Scene\TestScene\TestSceneHori.cpp">
      <Filter>Game\Scene\TestScene</Filter>
    </ClCompile>
    <ClInclude Include="Game\Scene\TestScene\TestSceneHori.h">
      <Filter>Game\Scene\TestScene</Filter>
    </ClInclude>
    <ClCompile Include="Engine\Camera\CameraRail.cpp" />
    <ClCompile Include="Engine\Camera\SplineCameraController.cpp" />
    <ClCompile Include="Engine\Camera\CameraManager.cpp" />
    <ClCompile Include="Engine\Debugs\PropertyBinder.cpp" />
    <ClCompile Include="Engine\Graphics\PostProcess\VolumetricFogPass.cpp" />
    <ClCompile Include="Engine\Graphics\PostProcess\NoiseTextureGenerator.cpp" />
    <ClCompile Include="Engine\Graphics\PostProcess\VolumetricFogBilateralPass.cpp" />
    <ClCompile Include="Game\GameObject\Character\Player\PlayerStateNormal.cpp" />
    <ClCompile Include="Game\GameObject\Orb.cpp" />
    <ClCompile Include="Engine\Graphics\Renderer\SkydomeRenderer.cpp" />
    <ClCompile Include="Engine\Graphics\RenderSystem\Skydome.cpp" />
    <ClCompile Include="Game\GameObject\OrbManager.cpp" />
    <ClCompile Include="Game\GameObject\Character\Enemy\Enemy.cpp" />
    <ClCompile Include="Game\GameObject\Character\Enemy\EnemyManager.cpp" />
    <ClCompile Include="Game\GameObject\EnvironmentProp.cpp" />
    <ClCompile Include="Game\GameObject\EnvironmentPropManager.cpp" />
    <ClCompile Include="Engine\Framework\TerrainChunk.cpp" />
    <ClCompile Include="Engine\Graphics\Renderer\TerrainRenderer.cpp" />
    <ClCompile Include="Engine\Graphics\RenderSystem\Terrain.cpp" />
    <ClCompile Include="Engine\Collision\Frustum.cpp" />
    <ClCompile Include="Engine\Framework\EnvironmentManager.cpp" />
    <ClCompile Include="Game\GameObject\WeatherEffectManager.cpp" />
    <ClCompile Include="Engine\Graphics\Renderer\LightningRenderer.cpp" />
    <ClCompile Include="Engine\Graphics\RenderSystem\LightningSystem.cpp" />
    <ClCompile Include="Engine\Graphics\Renderer\TreeRenderer.cpp" />
    <ClCompile Include="Engine\Graphics\RenderSystem\TreeSystem.cpp" />
    <ClCompile Include="Game\GameObject\TreeField.cpp" />
    <ClCompile Include="Engine\Graphics\Renderer\PebbleRenderer.cpp" />
    <ClCompile Include="Engine\Graphics\RenderSystem\PebbleSystem.cpp" />
    <ClCompile Include="Game\GameObject\PebbleField.cpp" />
    <ClCompile Include="Engine\Graphics\Renderer\FoliageRenderer.cpp" />
    <ClCompile Include="Engine\Graphics\RenderSystem\FoliageSystem.cpp" />
    <ClCompile Include="Game\GameObject\FoliageField.cpp" />
    <ClCompile Include="Game\GameObject\GameUI.cpp" />
    <ClCompile Include="Engine\Graphics\PostProcess\WorldInteractionPass.cpp" />
    <ClCompile Include="Engine\Graphics\RenderSystem\WorldInteractionSystem.cpp" />
    <ClCompile Include="Engine\Graphics\Renderer\WaterRenderer.cpp" />
    <ClCompile Include="Game\GameObject\WaterObject.cpp" />
    <ClCompile Include="Game\GameObject\WaterManager.cpp" />
  </ItemGroup>
  <ItemGroup>
    <ClInclude Include="Include\json.hpp" />
    <ClInclude Include="Game\Global\GameDefine.h" />
    <ClInclude Include="Engine\Camera\ICameraController.h" />
    <ClInclude Include="Engine\Camera\CameraRail.h" />
    <ClInclude Include="Engine\Camera\SplineCameraController.h" />
    <ClInclude Include="Engine\Camera\CameraManager.h" />
    <ClInclude Include="Engine\Graphics\PostProcess\PostEffectContext.h" />
    <ClInclude Include="Engine\Graphics\PostProcess\VolumetricFogPass.h" />
    <ClInclude Include="Engine\Graphics\PostProcess\NoiseTextureGenerator.h" />
    <ClInclude Include="Engine\Graphics\PostProcess\VolumetricFogBilateralPass.h" />
    <ClInclude Include="Engine\Framework\StateMachine.h" />
    <ClInclude Include="Game\GameObject\Character\Player\PlayerStateNormal.h" />
    <ClInclude Include="Game\GameObject\Orb.h" />
    <ClInclude Include="Engine\Graphics\Renderer\SkydomeRenderer.h" />
    <ClInclude Include="Engine\Graphics\RenderSystem\Skydome.h" />
    <ClInclude Include="Game\GameObject\OrbManager.h" />
    <ClInclude Include="Game\GameObject\Character\Enemy\Enemy.h" />
    <ClInclude Include="Game\GameObject\Character\Enemy\EnemyManager.h" />
    <ClInclude Include="Game\GameObject\EnvironmentProp.h" />
    <ClInclude Include="Game\GameObject\EnvironmentPropManager.h" />
    <ClInclude Include="Engine\Framework\TerrainChunk.h" />
    <ClInclude Include="Engine\Graphics\Renderer\TerrainRenderer.h" />
    <ClInclude Include="Engine\Graphics\RenderSystem\Terrain.h" />
    <ClInclude Include="Engine\Collision\Frustum.h" />
    <ClInclude Include="Engine\Framework\EnvironmentManager.h" />
    <ClInclude Include="Game\GameObject\WeatherEffectManager.h" />
    <ClInclude Include="Engine\Graphics\Renderer\LightningRenderer.h" />
    <ClInclude Include="Engine\Graphics\RenderSystem\LightningSystem.h" />
    <ClInclude Include="Engine\Graphics\Renderer\TreeRenderer.h" />
    <ClInclude Include="Engine\Graphics\RenderSystem\TreeSystem.h" />
    <ClInclude Include="Game\GameObject\TreeField.h" />
    <ClInclude Include="Engine\Graphics\Renderer\PebbleRenderer.h" />
    <ClInclude Include="Engine\Graphics\RenderSystem\PebbleSystem.h" />
    <ClInclude Include="Game\GameObject\PebbleField.h" />
    <ClInclude Include="Engine\Graphics\Renderer\FoliageRenderer.h" />
    <ClInclude Include="Engine\Graphics\RenderSystem\FoliageSystem.h" />
    <ClInclude Include="Game\GameObject\FoliageField.h" />
    <ClInclude Include="Game\GameObject\GameUI.h" />
    <ClInclude Include="Engine\Graphics\PostProcess\WorldInteractionPass.h" />
    <ClInclude Include="Engine\Graphics\RenderSystem\WorldInteractionSystem.h" />
    <ClInclude Include="Engine\Graphics\Renderer\WaterRenderer.h" />
    <ClInclude Include="Game\GameObject\WaterObject.h" />
    <ClInclude Include="Game\GameObject\WaterManager.h" />
    <ClInclude Include="Engine\Graphics\Common\PIXColors.h" />
  </ItemGroup>
  <ItemGroup>
    <FxCompile Include="Assets\Shaders\Volumetric\Generate3DNoise.CS.hlsl" />
    <FxCompile Include="Assets\Shaders\Volumetric\VolumetricFogBilateral.CS.hlsl" />
    <FxCompile Include="Assets\Shaders\Volumetric\VolumetricFogInjection.CS.hlsl" />
    <FxCompile Include="Assets\Shaders\Volumetric\VoxelIntegrate.CS.hlsl" />
    <FxCompile Include="Assets\Shaders\Volumetric\VolumetricFogResolve.CS.hlsl" />
    <FxCompile Include="Assets\Shaders\Volumetric\VoxelSpatialFilter.CS.hlsl" />
    <FxCompile Include="Assets\Shaders\Volumetric\VoxelTemporalResolve.CS.hlsl" />
    <FxCompile Include="Assets\Shaders\Environment\Skydome.VS.hlsl" />
    <FxCompile Include="Assets\Shaders\Environment\Skydome.PS.hlsl" />
    <FxCompile Include="Assets\Shaders\Environment\Terrain.VS.hlsl" />
    <FxCompile Include="Assets\Shaders\Shadow\ShadowMapTerrain.VS.hlsl" />
    <FxCompile Include="Assets\Shaders\Effects\Lightning.VS.hlsl" />
    <FxCompile Include="Assets\Shaders\Effects\Lightning.PS.hlsl" />
    <FxCompile Include="Assets\Shaders\Environment\GrassCulling.CS.hlsl" />
    <FxCompile Include="Assets\Shaders\Environment\GrassGeneration.CS.hlsl" />
    <FxCompile Include="Assets\Shaders\Environment\TreeFoliage.PS.hlsl" />
    <FxCompile Include="Assets\Shaders\Environment\Tree.VS.hlsl" />
    <FxCompile Include="Assets\Shaders\Shadow\ShadowMapTree.VS.hlsl" />
    <FxCompile Include="Assets\Shaders\Environment\Pebble.PS.hlsl" />
    <FxCompile Include="Assets\Shaders\Environment\Pebble.VS.hlsl" />
    <FxCompile Include="Assets\Shaders\Environment\PebbleCulling.CS.hlsl" />
    <FxCompile Include="Assets\Shaders\Environment\PebbleGeneration.CS.hlsl" />
    <FxCompile Include="Assets\Shaders\Environment\FoliageGeneration.CS.hlsl" />
    <FxCompile Include="Assets\Shaders\Environment\FoliageCulling.CS.hlsl" />
    <FxCompile Include="Assets\Shaders\Environment\Foliage.VS.hlsl" />
    <FxCompile Include="Assets\Shaders\Environment\Foliage.PS.hlsl" />
    <FxCompile Include="Assets\Shaders\PostProcess\SSR.CS.hlsl" />
    <FxCompile Include="Assets\Shaders\Environment\WorldInteraction.CS.hlsl" />
    <FxCompile Include="Assets\Shaders\Environment\Water.VS.hlsl" />
    <FxCompile Include="Assets\Shaders\Environment\Water.PS.hlsl" />
  </ItemGroup>
  <ItemGroup>
    <None Include="packages.config" />
    <None Include="Assets\Shaders\Shadow\ShadowMapTreeFoliage.PS.hlsl" />
    <None Include="Assets\Shaders\Common\GridUtils.hlsli" />
    <None Include="Assets\Shaders\Common\ShadowUtils.hlsli" />
    <None Include="Assets\Shaders\Common\MathUtils.hlsli" />
    <None Include="Assets\Shaders\Common\CameraUtils.hlsli" />
  </ItemGroup>
</Project>