<Solution>
  <Configurations>
    <BuildType Name="Debug" />
    <BuildType Name="Development" />
    <BuildType Name="Release" />
    <Platform Name="x64" />
  </Configurations>
  <Folder Name="/ソリューション項目/">
    <File Path=".editorconfig" />
  </Folder>
  <Project Path="DirectXGame.vcxproj" Id="cd7dbdc9-d0ce-49f9-83de-fcb4f52da80d" />
</Solution>
